{
  "originHash" : "8cf55d8c6a314d94c04f05d931d2398b1920f92d768e54b2e8ebe32f0f5ba598",
  "pins" : [
    {
      "identity" : "lottie-ios",
      "kind" : "remoteSourceControl",
      "location" : "https://github.com/airbnb/lottie-ios",
      "state" : {
        "revision" : "047aa81b77adcbf583a966dfef620d17650cc656",
        "version" : "4.5.1"
      }
    },
    {
      "identity" : "purchases-ios",
      "kind" : "remoteSourceControl",
      "location" : "https://github.com/RevenueCat/purchases-ios.git",
      "state" : {
        "revision" : "adde1eff5f88403a3527d812fccc26a08c7203fe",
        "version" : "5.16.0"
      }
    }
  ],
  "version" : 3
}
