{
  "originHash" : "8cf55d8c6a314d94c04f05d931d2398b1920f92d768e54b2e8ebe32f0f5ba598",
  "pins" : [
    {
      "identity" : "lottie-ios",
      "kind" : "remoteSourceControl",
      "location" : "https://github.com/airbnb/lottie-ios",
      "state" : {
        "revision" : "fe4c6fe3a0aa66cdeb51d549623c82ca9704b9a5",
        "version" : "4.5.0"
      }
    },
    {
      "identity" : "purchases-ios",
      "kind" : "remoteSourceControl",
      "location" : "https://github.com/RevenueCat/purchases-ios.git",
      "state" : {
        "revision" : "1cfd74c156185dcb3bffa32c382dec7c1bb8c7ad",
        "version" : "5.2.3"
      }
    }
  ],
  "version" : 3
}
