// !$*UTF8*$!
{
	archiveVersion = 1;
	classes = {
	};
	objectVersion = 56;
	objects = {

/* Begin PBXBuildFile section */
		E8002B5E2C4C702700FD814D /* Gradient Background.json in Resources */ = {isa = PBXBuildFile; fileRef = E8002B5A2C4C702700FD814D /* Gradient Background.json */; };
		E8002B652C4C951D00FD814D /* robotForQuestion.json in Resources */ = {isa = PBXBuildFile; fileRef = E8002B642C4C951D00FD814D /* robotForQuestion.json */; };
		E813C76D2BECF51900E3088D /* CountdownTimer.swift in Sources */ = {isa = PBXBuildFile; fileRef = E813C76C2BECF51900E3088D /* CountdownTimer.swift */; };
		E814B82D2C4340D9004BC4F4 /* alertWarning.json in Resources */ = {isa = PBXBuildFile; fileRef = E814B82C2C4340D9004BC4F4 /* alertWarning.json */; };
		E816E7B52CA4002A0045CEE1 /* LoadingDotsView.swift in Sources */ = {isa = PBXBuildFile; fileRef = E816E7B42CA4002A0045CEE1 /* LoadingDotsView.swift */; };
		E817A4272C54F7E300A0172A /* ApiCallsView.swift in Sources */ = {isa = PBXBuildFile; fileRef = E817A4262C54F7E300A0172A /* ApiCallsView.swift */; };
		E817A4292C54F8DB00A0172A /* ApiCallViewModel.swift in Sources */ = {isa = PBXBuildFile; fileRef = E817A4282C54F8DB00A0172A /* ApiCallViewModel.swift */; };
		E81C6ECB2C724DAD000DC3C7 /* CustomPayWall.swift in Sources */ = {isa = PBXBuildFile; fileRef = E81C6ECA2C724DAD000DC3C7 /* CustomPayWall.swift */; };
		E82F454D2BC2A6D100945312 /* OpenAIKey.plist in Resources */ = {isa = PBXBuildFile; fileRef = E82F454B2BC2A6D100945312 /* OpenAIKey.plist */; };
		E82F45592BC2A72100945312 /* CloudKitViewModel.swift in Sources */ = {isa = PBXBuildFile; fileRef = E82F454F2BC2A72100945312 /* CloudKitViewModel.swift */; };
		E82F455D2BC2A72100945312 /* OpenAIManager.swift in Sources */ = {isa = PBXBuildFile; fileRef = E82F45552BC2A72100945312 /* OpenAIManager.swift */; };
		E82F455F2BC2A72100945312 /* SpeechRecognizerManager.swift in Sources */ = {isa = PBXBuildFile; fileRef = E82F45572BC2A72100945312 /* SpeechRecognizerManager.swift */; };
		E82F456D2BC2A77E00945312 /* ApiConfiguration.swift in Sources */ = {isa = PBXBuildFile; fileRef = E82F45602BC2A77E00945312 /* ApiConfiguration.swift */; };
		E82F456E2BC2A77E00945312 /* Codables.swift in Sources */ = {isa = PBXBuildFile; fileRef = E82F45612BC2A77E00945312 /* Codables.swift */; };
		E82F456F2BC2A77E00945312 /* Errors.swift in Sources */ = {isa = PBXBuildFile; fileRef = E82F45622BC2A77E00945312 /* Errors.swift */; };
		E82F45702BC2A77E00945312 /* Extensions.swift in Sources */ = {isa = PBXBuildFile; fileRef = E82F45632BC2A77E00945312 /* Extensions.swift */; };
		E82F45712BC2A77E00945312 /* LanguageCode.swift in Sources */ = {isa = PBXBuildFile; fileRef = E82F45642BC2A77E00945312 /* LanguageCode.swift */; };
		E82F45722BC2A77E00945312 /* NamespaceItem.swift in Sources */ = {isa = PBXBuildFile; fileRef = E82F45652BC2A77E00945312 /* NamespaceItem.swift */; };
		E82F45732BC2A77E00945312 /* ResponseModel.swift in Sources */ = {isa = PBXBuildFile; fileRef = E82F45662BC2A77E00945312 /* ResponseModel.swift */; };
		E82F45742BC2A77E00945312 /* NotificationCellView.swift in Sources */ = {isa = PBXBuildFile; fileRef = E82F45682BC2A77E00945312 /* NotificationCellView.swift */; };
		E82F45752BC2A77E00945312 /* NotificationEditView.swift in Sources */ = {isa = PBXBuildFile; fileRef = E82F45692BC2A77E00945312 /* NotificationEditView.swift */; };
		E82F45762BC2A77E00945312 /* NotificationViewModel.swift in Sources */ = {isa = PBXBuildFile; fileRef = E82F456A2BC2A77E00945312 /* NotificationViewModel.swift */; };
		E82F45772BC2A77E00945312 /* NotificationsView.swift in Sources */ = {isa = PBXBuildFile; fileRef = E82F456B2BC2A77E00945312 /* NotificationsView.swift */; };
		E82F45862BC2A80C00945312 /* SpeechRecognitionViewModel.swift in Sources */ = {isa = PBXBuildFile; fileRef = E82F457D2BC2A80B00945312 /* SpeechRecognitionViewModel.swift */; };
		E82F45882BC2A80C00945312 /* NetworkViewModel.swift in Sources */ = {isa = PBXBuildFile; fileRef = E82F45802BC2A80C00945312 /* NetworkViewModel.swift */; };
		E82F458A2BC2A85D00945312 /* CustomTapBarView.swift in Sources */ = {isa = PBXBuildFile; fileRef = E82F45892BC2A85D00945312 /* CustomTapBarView.swift */; };
		E83849902C3471B200C7E390 /* FullScreenImage.swift in Sources */ = {isa = PBXBuildFile; fileRef = E838498F2C3471B200C7E390 /* FullScreenImage.swift */; };
		E83D83FC2C5903DD002BBDE7 /* Localizable.xcstrings in Resources */ = {isa = PBXBuildFile; fileRef = E83D83FB2C5903DD002BBDE7 /* Localizable.xcstrings */; };
		E840D1AE2C427BA8000DB7AD /* Lottie in Frameworks */ = {isa = PBXBuildFile; productRef = E840D1AD2C427BA8000DB7AD /* Lottie */; };
		E840D1B02C427C9E000DB7AD /* LottieRepresentable.swift in Sources */ = {isa = PBXBuildFile; fileRef = E840D1AF2C427C9E000DB7AD /* LottieRepresentable.swift */; };
		E8459B2B2C45AC020039BFA7 /* ErrorView.swift in Sources */ = {isa = PBXBuildFile; fileRef = E8459B2A2C45AC020039BFA7 /* ErrorView.swift */; };
		E8459EC82BC1E3BE00CE34A7 /* MyndVaultApp.swift in Sources */ = {isa = PBXBuildFile; fileRef = E8459EC72BC1E3BE00CE34A7 /* MyndVaultApp.swift */; };
		E8459ECA2BC1E3BE00CE34A7 /* ContentView.swift in Sources */ = {isa = PBXBuildFile; fileRef = E8459EC92BC1E3BE00CE34A7 /* ContentView.swift */; };
		E8459ECE2BC1E3BE00CE34A7 /* Assets.xcassets in Resources */ = {isa = PBXBuildFile; fileRef = E8459ECD2BC1E3BE00CE34A7 /* Assets.xcassets */; };
		E8459ED12BC1E3BE00CE34A7 /* Preview Assets.xcassets in Resources */ = {isa = PBXBuildFile; fileRef = E8459ED02BC1E3BE00CE34A7 /* Preview Assets.xcassets */; };
		E85055032C428B7C00FBACC4 /* Swift.json in Resources */ = {isa = PBXBuildFile; fileRef = E85055022C428B7C00FBACC4 /* Swift.json */; };
		E85055072C42C6A000FBACC4 /* Brain Configurations.json in Resources */ = {isa = PBXBuildFile; fileRef = E85055062C42C6A000FBACC4 /* Brain Configurations.json */; };
		E85055092C42CF2A00FBACC4 /* Image Recognition.json in Resources */ = {isa = PBXBuildFile; fileRef = E85055082C42CF2A00FBACC4 /* Image Recognition.json */; };
		E850550B2C42D42300FBACC4 /* Ai Cloud.json in Resources */ = {isa = PBXBuildFile; fileRef = E850550A2C42D42300FBACC4 /* Ai Cloud.json */; };
		E85BB4012C020DB7002A2480 /* HideKeyboardLabel.swift in Sources */ = {isa = PBXBuildFile; fileRef = E85BB4002C020DB7002A2480 /* HideKeyboardLabel.swift */; };
		E85EE47B2D6F69DF00737A97 /* testing.swift in Sources */ = {isa = PBXBuildFile; fileRef = E85EE47A2D6F69DF00737A97 /* testing.swift */; };
		E85EE47D2D6F7BE100737A97 /* AudioRecordingManager.swift in Sources */ = {isa = PBXBuildFile; fileRef = E85EE47C2D6F7BE100737A97 /* AudioRecordingManager.swift */; };
		E86734AB2D2ADDA900CF4BEA /* UploadingFile.json in Resources */ = {isa = PBXBuildFile; fileRef = E86734AA2D2ADDA900CF4BEA /* UploadingFile.json */; };
		E871C4DF2C270B5500747BC7 /* ImagePickerViewModel.swift in Sources */ = {isa = PBXBuildFile; fileRef = E871C4DE2C270B5500747BC7 /* ImagePickerViewModel.swift */; };
		E87605B72C7A18AD002A13E5 /* RCViewModel.swift in Sources */ = {isa = PBXBuildFile; fileRef = E87605B62C7A18AD002A13E5 /* RCViewModel.swift */; };
		E87605B92C7A1BDC002A13E5 /* PurschasesDelegateHandler.swift in Sources */ = {isa = PBXBuildFile; fileRef = E87605B82C7A1BDC002A13E5 /* PurschasesDelegateHandler.swift */; };
		E877FA272C4A92D4002FBFFC /* Woman_vault.json in Resources */ = {isa = PBXBuildFile; fileRef = E877FA262C4A92D4002FBFFC /* Woman_vault.json */; };
		E877FA292C4A953D002FBFFC /* smallVault.json in Resources */ = {isa = PBXBuildFile; fileRef = E877FA282C4A953D002FBFFC /* smallVault.json */; };
		E877FA2D2C4A9FB6002FBFFC /* TypingTextView.swift in Sources */ = {isa = PBXBuildFile; fileRef = E877FA2C2C4A9FB6002FBFFC /* TypingTextView.swift */; };
		E878743E2C677E4C001299D9 /* AboutUsView.swift in Sources */ = {isa = PBXBuildFile; fileRef = E878743D2C677E4C001299D9 /* AboutUsView.swift */; };
		E87874402C677F4B001299D9 /* ManWithLaptop.json in Resources */ = {isa = PBXBuildFile; fileRef = E878743F2C677F4B001299D9 /* ManWithLaptop.json */; };
		E87874472C70CFD5001299D9 /* RevenueCat in Frameworks */ = {isa = PBXBuildFile; productRef = E87874462C70CFD5001299D9 /* RevenueCat */; };
		E87874492C70CFD5001299D9 /* RevenueCatUI in Frameworks */ = {isa = PBXBuildFile; productRef = E87874482C70CFD5001299D9 /* RevenueCatUI */; };
		E878FA892CCD169900CEA8EA /* PineconeViewModel.swift in Sources */ = {isa = PBXBuildFile; fileRef = E878FA882CCD169900CEA8EA /* PineconeViewModel.swift */; };
		E878FA8B2CCD16BF00CEA8EA /* PineconeActor.swift in Sources */ = {isa = PBXBuildFile; fileRef = E878FA8A2CCD16BF00CEA8EA /* PineconeActor.swift */; };
		E878FA8D2CD3A87800CEA8EA /* OpenaiActor.swift in Sources */ = {isa = PBXBuildFile; fileRef = E878FA8C2CD3A87800CEA8EA /* OpenaiActor.swift */; };
		E878FA8F2CD3A90F00CEA8EA /* OpenAIViewModel.swift in Sources */ = {isa = PBXBuildFile; fileRef = E878FA8E2CD3A90F00CEA8EA /* OpenAIViewModel.swift */; };
		E8A1965F2C1B3D72008AAAAA /* SplashScreen.swift in Sources */ = {isa = PBXBuildFile; fileRef = E8A1965E2C1B3D72008AAAAA /* SplashScreen.swift */; };
		E8AD72452C2E03BC0049FC11 /* ImageItem.swift in Sources */ = {isa = PBXBuildFile; fileRef = E8AD72442C2E03BC0049FC11 /* ImageItem.swift */; };
		E8B4C5782CDD69CA00813AC0 /* ImageView.swift in Sources */ = {isa = PBXBuildFile; fileRef = E8B4C5772CDD69CA00813AC0 /* ImageView.swift */; };
		E8B4D5042BF8C08700F2A174 /* FaceIDView.swift in Sources */ = {isa = PBXBuildFile; fileRef = E8B4D5032BF8C08700F2A174 /* FaceIDView.swift */; };
		E8B4D5062BF8C1FA00F2A174 /* MainView.swift in Sources */ = {isa = PBXBuildFile; fileRef = E8B4D5052BF8C1FA00F2A174 /* MainView.swift */; };
		E8B4D5082BF8CD7F00F2A174 /* KeychainManager.swift in Sources */ = {isa = PBXBuildFile; fileRef = E8B4D5072BF8CD7F00F2A174 /* KeychainManager.swift */; };
		E8B4D50C2BF8D37100F2A174 /* InitialSetupView.swift in Sources */ = {isa = PBXBuildFile; fileRef = E8B4D50B2BF8D37100F2A174 /* InitialSetupView.swift */; };
		E8B4D50E2BF8EBE000F2A174 /* AuthenticationManager.swift in Sources */ = {isa = PBXBuildFile; fileRef = E8B4D50D2BF8EBE000F2A174 /* AuthenticationManager.swift */; };
		E8BDF9C22CFC854E0026BAE2 /* RootView.swift in Sources */ = {isa = PBXBuildFile; fileRef = E8BDF9C12CFC854E0026BAE2 /* RootView.swift */; };
		E8BDF9C42CFC905B0026BAE2 /* SF-Compact-Display-Regular.otf in Resources */ = {isa = PBXBuildFile; fileRef = E8BDF9C32CFC905B0026BAE2 /* SF-Compact-Display-Regular.otf */; };
		E8C7E2982C4D460C009760F2 /* Delete.json in Resources */ = {isa = PBXBuildFile; fileRef = E8C7E2972C4D460C009760F2 /* Delete.json */; };
		E8CFEAFA2C3D5064005A2630 /*  openSettingsView.swift in Sources */ = {isa = PBXBuildFile; fileRef = E8CFEAF92C3D5064005A2630 /*  openSettingsView.swift */; };
		E8CFEAFC2C3D5CF1005A2630 /* SF-Mono-Semibold.otf in Resources */ = {isa = PBXBuildFile; fileRef = E8CFEAFB2C3D5CF1005A2630 /* SF-Mono-Semibold.otf */; };
		E8CFEAFE2C3D5D52005A2630 /* NewYork.ttf in Resources */ = {isa = PBXBuildFile; fileRef = E8CFEAFD2C3D5D52005A2630 /* NewYork.ttf */; };
		E8DA57AD2BE25BC200EB2013 /* NotificationsListCell.swift in Sources */ = {isa = PBXBuildFile; fileRef = E8DA57AC2BE25BC200EB2013 /* NotificationsListCell.swift */; };
		E8DA57AF2BE265F000EB2013 /* AddNotificationView.swift in Sources */ = {isa = PBXBuildFile; fileRef = E8DA57AE2BE265F000EB2013 /* AddNotificationView.swift */; };
		E8E1D3C82BDA5A4A000FCFBC /* QuestionView.swift in Sources */ = {isa = PBXBuildFile; fileRef = E8E1D3C72BDA5A4A000FCFBC /* QuestionView.swift */; };
		E8E1D3CA2BE0F646000FCFBC /* NewAddInfoView.swift in Sources */ = {isa = PBXBuildFile; fileRef = E8E1D3C92BE0F646000FCFBC /* NewAddInfoView.swift */; };
		E8E1D3CC2BE105FB000FCFBC /* TokenManager.swift in Sources */ = {isa = PBXBuildFile; fileRef = E8E1D3CB2BE105FB000FCFBC /* TokenManager.swift */; };
		E8E4A68C2D2F22F8002A122B /* CoolButton.swift in Sources */ = {isa = PBXBuildFile; fileRef = E8E4A68B2D2F22F8002A122B /* CoolButton.swift */; };
		E8E4A68E2D32CFD3002A122B /* AccountDeletedView.swift in Sources */ = {isa = PBXBuildFile; fileRef = E8E4A68D2D32CFD3002A122B /* AccountDeletedView.swift */; };
		E8ED2E2F2D87057600743EB6 /* test.swift in Sources */ = {isa = PBXBuildFile; fileRef = E8ED2E2E2D87057600743EB6 /* test.swift */; };
		E8FA7F0B2BC5BC320012EBF6 /* EditInfoView.swift in Sources */ = {isa = PBXBuildFile; fileRef = E8FA7F002BC5BC320012EBF6 /* EditInfoView.swift */; };
		E8FA7F0C2BC5BC320012EBF6 /* VaultView.swift in Sources */ = {isa = PBXBuildFile; fileRef = E8FA7F012BC5BC320012EBF6 /* VaultView.swift */; };
		E8FA7F0D2BC5BC320012EBF6 /* InfoViewModel.swift in Sources */ = {isa = PBXBuildFile; fileRef = E8FA7F022BC5BC320012EBF6 /* InfoViewModel.swift */; };
		E8FA7F0E2BC5BC320012EBF6 /* PromptLanguageView.swift in Sources */ = {isa = PBXBuildFile; fileRef = E8FA7F032BC5BC320012EBF6 /* PromptLanguageView.swift */; };
		E8FA7F122BC5BC320012EBF6 /* Settings View.swift in Sources */ = {isa = PBXBuildFile; fileRef = E8FA7F072BC5BC320012EBF6 /* Settings View.swift */; };
		E8FA7F172BC5C8F30012EBF6 /* InfosViewListCellView.swift in Sources */ = {isa = PBXBuildFile; fileRef = E8FA7F162BC5C8F30012EBF6 /* InfosViewListCellView.swift */; };
		E8FE18F02D156CF900CA5ECD /* ShareSheet.swift in Sources */ = {isa = PBXBuildFile; fileRef = E8FE18EF2D156CF900CA5ECD /* ShareSheet.swift */; };
		E8FFCD3A2D732DA20067B57F /* EventEditView.swift in Sources */ = {isa = PBXBuildFile; fileRef = E8FFCD392D732DA20067B57F /* EventEditView.swift */; };
/* End PBXBuildFile section */

/* Begin PBXCopyFilesBuildPhase section */
		E86BE7772C5684560030C81B /* Embed Foundation Extensions */ = {
			isa = PBXCopyFilesBuildPhase;
			buildActionMask = 2147483647;
			dstPath = "";
			dstSubfolderSpec = 13;
			files = (
			);
			name = "Embed Foundation Extensions";
			runOnlyForDeploymentPostprocessing = 0;
		};
/* End PBXCopyFilesBuildPhase section */

/* Begin PBXFileReference section */
		E8002B5A2C4C702700FD814D /* Gradient Background.json */ = {isa = PBXFileReference; fileEncoding = 4; lastKnownFileType = text.json; path = "Gradient Background.json"; sourceTree = "<group>"; };
		E8002B642C4C951D00FD814D /* robotForQuestion.json */ = {isa = PBXFileReference; fileEncoding = 4; lastKnownFileType = text.json; path = robotForQuestion.json; sourceTree = "<group>"; };
		E813C76C2BECF51900E3088D /* CountdownTimer.swift */ = {isa = PBXFileReference; lastKnownFileType = sourcecode.swift; path = CountdownTimer.swift; sourceTree = "<group>"; };
		E814B82C2C4340D9004BC4F4 /* alertWarning.json */ = {isa = PBXFileReference; fileEncoding = 4; lastKnownFileType = text.json; path = alertWarning.json; sourceTree = "<group>"; };
		E816E7B42CA4002A0045CEE1 /* LoadingDotsView.swift */ = {isa = PBXFileReference; lastKnownFileType = sourcecode.swift; path = LoadingDotsView.swift; sourceTree = "<group>"; };
		E817A4262C54F7E300A0172A /* ApiCallsView.swift */ = {isa = PBXFileReference; lastKnownFileType = sourcecode.swift; path = ApiCallsView.swift; sourceTree = "<group>"; };
		E817A4282C54F8DB00A0172A /* ApiCallViewModel.swift */ = {isa = PBXFileReference; lastKnownFileType = sourcecode.swift; path = ApiCallViewModel.swift; sourceTree = "<group>"; };
		E81C6ECA2C724DAD000DC3C7 /* CustomPayWall.swift */ = {isa = PBXFileReference; lastKnownFileType = sourcecode.swift; path = CustomPayWall.swift; sourceTree = "<group>"; };
		E82F454B2BC2A6D100945312 /* OpenAIKey.plist */ = {isa = PBXFileReference; fileEncoding = 4; lastKnownFileType = text.plist.xml; path = OpenAIKey.plist; sourceTree = "<group>"; };
		E82F454F2BC2A72100945312 /* CloudKitViewModel.swift */ = {isa = PBXFileReference; fileEncoding = 4; lastKnownFileType = sourcecode.swift; path = CloudKitViewModel.swift; sourceTree = "<group>"; };
		E82F45552BC2A72100945312 /* OpenAIManager.swift */ = {isa = PBXFileReference; fileEncoding = 4; lastKnownFileType = sourcecode.swift; path = OpenAIManager.swift; sourceTree = "<group>"; };
		E82F45572BC2A72100945312 /* SpeechRecognizerManager.swift */ = {isa = PBXFileReference; fileEncoding = 4; lastKnownFileType = sourcecode.swift; path = SpeechRecognizerManager.swift; sourceTree = "<group>"; };
		E82F45602BC2A77E00945312 /* ApiConfiguration.swift */ = {isa = PBXFileReference; fileEncoding = 4; lastKnownFileType = sourcecode.swift; path = ApiConfiguration.swift; sourceTree = "<group>"; };
		E82F45612BC2A77E00945312 /* Codables.swift */ = {isa = PBXFileReference; fileEncoding = 4; lastKnownFileType = sourcecode.swift; path = Codables.swift; sourceTree = "<group>"; };
		E82F45622BC2A77E00945312 /* Errors.swift */ = {isa = PBXFileReference; fileEncoding = 4; lastKnownFileType = sourcecode.swift; path = Errors.swift; sourceTree = "<group>"; };
		E82F45632BC2A77E00945312 /* Extensions.swift */ = {isa = PBXFileReference; fileEncoding = 4; lastKnownFileType = sourcecode.swift; path = Extensions.swift; sourceTree = "<group>"; };
		E82F45642BC2A77E00945312 /* LanguageCode.swift */ = {isa = PBXFileReference; fileEncoding = 4; lastKnownFileType = sourcecode.swift; path = LanguageCode.swift; sourceTree = "<group>"; };
		E82F45652BC2A77E00945312 /* NamespaceItem.swift */ = {isa = PBXFileReference; fileEncoding = 4; lastKnownFileType = sourcecode.swift; path = NamespaceItem.swift; sourceTree = "<group>"; };
		E82F45662BC2A77E00945312 /* ResponseModel.swift */ = {isa = PBXFileReference; fileEncoding = 4; lastKnownFileType = sourcecode.swift; path = ResponseModel.swift; sourceTree = "<group>"; };
		E82F45682BC2A77E00945312 /* NotificationCellView.swift */ = {isa = PBXFileReference; fileEncoding = 4; lastKnownFileType = sourcecode.swift; path = NotificationCellView.swift; sourceTree = "<group>"; };
		E82F45692BC2A77E00945312 /* NotificationEditView.swift */ = {isa = PBXFileReference; fileEncoding = 4; lastKnownFileType = sourcecode.swift; path = NotificationEditView.swift; sourceTree = "<group>"; };
		E82F456A2BC2A77E00945312 /* NotificationViewModel.swift */ = {isa = PBXFileReference; fileEncoding = 4; lastKnownFileType = sourcecode.swift; path = NotificationViewModel.swift; sourceTree = "<group>"; };
		E82F456B2BC2A77E00945312 /* NotificationsView.swift */ = {isa = PBXFileReference; fileEncoding = 4; lastKnownFileType = sourcecode.swift; path = NotificationsView.swift; sourceTree = "<group>"; };
		E82F457D2BC2A80B00945312 /* SpeechRecognitionViewModel.swift */ = {isa = PBXFileReference; fileEncoding = 4; lastKnownFileType = sourcecode.swift; path = SpeechRecognitionViewModel.swift; sourceTree = "<group>"; };
		E82F45802BC2A80C00945312 /* NetworkViewModel.swift */ = {isa = PBXFileReference; fileEncoding = 4; lastKnownFileType = sourcecode.swift; path = NetworkViewModel.swift; sourceTree = "<group>"; };
		E82F45892BC2A85D00945312 /* CustomTapBarView.swift */ = {isa = PBXFileReference; fileEncoding = 4; lastKnownFileType = sourcecode.swift; path = CustomTapBarView.swift; sourceTree = "<group>"; };
		E838498F2C3471B200C7E390 /* FullScreenImage.swift */ = {isa = PBXFileReference; lastKnownFileType = sourcecode.swift; path = FullScreenImage.swift; sourceTree = "<group>"; };
		E83D83FB2C5903DD002BBDE7 /* Localizable.xcstrings */ = {isa = PBXFileReference; lastKnownFileType = text.json.xcstrings; path = Localizable.xcstrings; sourceTree = "<group>"; };
		E840D1AF2C427C9E000DB7AD /* LottieRepresentable.swift */ = {isa = PBXFileReference; lastKnownFileType = sourcecode.swift; path = LottieRepresentable.swift; sourceTree = "<group>"; };
		E8459B2A2C45AC020039BFA7 /* ErrorView.swift */ = {isa = PBXFileReference; lastKnownFileType = sourcecode.swift; path = ErrorView.swift; sourceTree = "<group>"; };
		E8459EC42BC1E3BE00CE34A7 /* MyndVault.app */ = {isa = PBXFileReference; explicitFileType = wrapper.application; includeInIndex = 0; path = MyndVault.app; sourceTree = BUILT_PRODUCTS_DIR; };
		E8459EC72BC1E3BE00CE34A7 /* MyndVaultApp.swift */ = {isa = PBXFileReference; lastKnownFileType = sourcecode.swift; path = MyndVaultApp.swift; sourceTree = "<group>"; };
		E8459EC92BC1E3BE00CE34A7 /* ContentView.swift */ = {isa = PBXFileReference; lastKnownFileType = sourcecode.swift; path = ContentView.swift; sourceTree = "<group>"; };
		E8459ECD2BC1E3BE00CE34A7 /* Assets.xcassets */ = {isa = PBXFileReference; lastKnownFileType = folder.assetcatalog; path = Assets.xcassets; sourceTree = "<group>"; };
		E8459ED02BC1E3BE00CE34A7 /* Preview Assets.xcassets */ = {isa = PBXFileReference; lastKnownFileType = folder.assetcatalog; path = "Preview Assets.xcassets"; sourceTree = "<group>"; };
		E85055022C428B7C00FBACC4 /* Swift.json */ = {isa = PBXFileReference; fileEncoding = 4; lastKnownFileType = text.json; path = Swift.json; sourceTree = "<group>"; };
		E85055062C42C6A000FBACC4 /* Brain Configurations.json */ = {isa = PBXFileReference; fileEncoding = 4; lastKnownFileType = text.json; path = "Brain Configurations.json"; sourceTree = "<group>"; };
		E85055082C42CF2A00FBACC4 /* Image Recognition.json */ = {isa = PBXFileReference; fileEncoding = 4; lastKnownFileType = text.json; path = "Image Recognition.json"; sourceTree = "<group>"; };
		E850550A2C42D42300FBACC4 /* Ai Cloud.json */ = {isa = PBXFileReference; fileEncoding = 4; lastKnownFileType = text.json; path = "Ai Cloud.json"; sourceTree = "<group>"; };
		E85BB4002C020DB7002A2480 /* HideKeyboardLabel.swift */ = {isa = PBXFileReference; lastKnownFileType = sourcecode.swift; path = HideKeyboardLabel.swift; sourceTree = "<group>"; };
		E85EE47A2D6F69DF00737A97 /* testing.swift */ = {isa = PBXFileReference; lastKnownFileType = sourcecode.swift; path = testing.swift; sourceTree = "<group>"; };
		E85EE47C2D6F7BE100737A97 /* AudioRecordingManager.swift */ = {isa = PBXFileReference; lastKnownFileType = sourcecode.swift; path = AudioRecordingManager.swift; sourceTree = "<group>"; };
		E86734AA2D2ADDA900CF4BEA /* UploadingFile.json */ = {isa = PBXFileReference; lastKnownFileType = text.json; path = UploadingFile.json; sourceTree = "<group>"; };
		E86BE7632C5684550030C81B /* SwiftUI.framework */ = {isa = PBXFileReference; lastKnownFileType = wrapper.framework; name = SwiftUI.framework; path = System/Library/Frameworks/SwiftUI.framework; sourceTree = SDKROOT; };
		E871C4DE2C270B5500747BC7 /* ImagePickerViewModel.swift */ = {isa = PBXFileReference; lastKnownFileType = sourcecode.swift; path = ImagePickerViewModel.swift; sourceTree = "<group>"; };
		E87605B62C7A18AD002A13E5 /* RCViewModel.swift */ = {isa = PBXFileReference; lastKnownFileType = sourcecode.swift; path = RCViewModel.swift; sourceTree = "<group>"; };
		E87605B82C7A1BDC002A13E5 /* PurschasesDelegateHandler.swift */ = {isa = PBXFileReference; lastKnownFileType = sourcecode.swift; path = PurschasesDelegateHandler.swift; sourceTree = "<group>"; };
		E877FA262C4A92D4002FBFFC /* Woman_vault.json */ = {isa = PBXFileReference; fileEncoding = 4; lastKnownFileType = text.json; path = Woman_vault.json; sourceTree = "<group>"; };
		E877FA282C4A953D002FBFFC /* smallVault.json */ = {isa = PBXFileReference; fileEncoding = 4; lastKnownFileType = text.json; path = smallVault.json; sourceTree = "<group>"; };
		E877FA2C2C4A9FB6002FBFFC /* TypingTextView.swift */ = {isa = PBXFileReference; lastKnownFileType = sourcecode.swift; path = TypingTextView.swift; sourceTree = "<group>"; };
		E878743D2C677E4C001299D9 /* AboutUsView.swift */ = {isa = PBXFileReference; lastKnownFileType = sourcecode.swift; path = AboutUsView.swift; sourceTree = "<group>"; };
		E878743F2C677F4B001299D9 /* ManWithLaptop.json */ = {isa = PBXFileReference; fileEncoding = 4; lastKnownFileType = text.json; path = ManWithLaptop.json; sourceTree = "<group>"; };
		E878744A2C70D0DC001299D9 /* MyndVault.storekit */ = {isa = PBXFileReference; lastKnownFileType = text; name = MyndVault.storekit; path = Settings/MyndVault.storekit; sourceTree = "<group>"; };
		E878B7262C95A9A4003D782A /* PrivacyInfo.xcprivacy */ = {isa = PBXFileReference; lastKnownFileType = text.xml; path = PrivacyInfo.xcprivacy; sourceTree = "<group>"; };
		E878FA882CCD169900CEA8EA /* PineconeViewModel.swift */ = {isa = PBXFileReference; lastKnownFileType = sourcecode.swift; path = PineconeViewModel.swift; sourceTree = "<group>"; };
		E878FA8A2CCD16BF00CEA8EA /* PineconeActor.swift */ = {isa = PBXFileReference; lastKnownFileType = sourcecode.swift; path = PineconeActor.swift; sourceTree = "<group>"; };
		E878FA8C2CD3A87800CEA8EA /* OpenaiActor.swift */ = {isa = PBXFileReference; lastKnownFileType = sourcecode.swift; path = OpenaiActor.swift; sourceTree = "<group>"; };
		E878FA8E2CD3A90F00CEA8EA /* OpenAIViewModel.swift */ = {isa = PBXFileReference; lastKnownFileType = sourcecode.swift; path = OpenAIViewModel.swift; sourceTree = "<group>"; };
		E8A1965E2C1B3D72008AAAAA /* SplashScreen.swift */ = {isa = PBXFileReference; lastKnownFileType = sourcecode.swift; path = SplashScreen.swift; sourceTree = "<group>"; };
		E8AD72442C2E03BC0049FC11 /* ImageItem.swift */ = {isa = PBXFileReference; lastKnownFileType = sourcecode.swift; path = ImageItem.swift; sourceTree = "<group>"; };
		E8B4C5772CDD69CA00813AC0 /* ImageView.swift */ = {isa = PBXFileReference; lastKnownFileType = sourcecode.swift; path = ImageView.swift; sourceTree = "<group>"; };
		E8B4D5032BF8C08700F2A174 /* FaceIDView.swift */ = {isa = PBXFileReference; lastKnownFileType = sourcecode.swift; path = FaceIDView.swift; sourceTree = "<group>"; };
		E8B4D5052BF8C1FA00F2A174 /* MainView.swift */ = {isa = PBXFileReference; lastKnownFileType = sourcecode.swift; path = MainView.swift; sourceTree = "<group>"; };
		E8B4D5072BF8CD7F00F2A174 /* KeychainManager.swift */ = {isa = PBXFileReference; lastKnownFileType = sourcecode.swift; path = KeychainManager.swift; sourceTree = "<group>"; };
		E8B4D50B2BF8D37100F2A174 /* InitialSetupView.swift */ = {isa = PBXFileReference; lastKnownFileType = sourcecode.swift; path = InitialSetupView.swift; sourceTree = "<group>"; };
		E8B4D50D2BF8EBE000F2A174 /* AuthenticationManager.swift */ = {isa = PBXFileReference; lastKnownFileType = sourcecode.swift; path = AuthenticationManager.swift; sourceTree = "<group>"; };
		E8B72E902BC93B9600E0C90D /* Info.plist */ = {isa = PBXFileReference; lastKnownFileType = text.plist; path = Info.plist; sourceTree = "<group>"; };
		E8BDF9C12CFC854E0026BAE2 /* RootView.swift */ = {isa = PBXFileReference; lastKnownFileType = sourcecode.swift; path = RootView.swift; sourceTree = "<group>"; };
		E8BDF9C32CFC905B0026BAE2 /* SF-Compact-Display-Regular.otf */ = {isa = PBXFileReference; lastKnownFileType = file; path = "SF-Compact-Display-Regular.otf"; sourceTree = "<group>"; };
		E8C7E2972C4D460C009760F2 /* Delete.json */ = {isa = PBXFileReference; fileEncoding = 4; lastKnownFileType = text.json; path = Delete.json; sourceTree = "<group>"; };
		E8CFEAF92C3D5064005A2630 /*  openSettingsView.swift */ = {isa = PBXFileReference; lastKnownFileType = sourcecode.swift; path = " openSettingsView.swift"; sourceTree = "<group>"; };
		E8CFEAFB2C3D5CF1005A2630 /* SF-Mono-Semibold.otf */ = {isa = PBXFileReference; lastKnownFileType = file; path = "SF-Mono-Semibold.otf"; sourceTree = "<group>"; };
		E8CFEAFD2C3D5D52005A2630 /* NewYork.ttf */ = {isa = PBXFileReference; lastKnownFileType = file; path = NewYork.ttf; sourceTree = "<group>"; };
		E8DA57AC2BE25BC200EB2013 /* NotificationsListCell.swift */ = {isa = PBXFileReference; lastKnownFileType = sourcecode.swift; path = NotificationsListCell.swift; sourceTree = "<group>"; };
		E8DA57AE2BE265F000EB2013 /* AddNotificationView.swift */ = {isa = PBXFileReference; lastKnownFileType = sourcecode.swift; path = AddNotificationView.swift; sourceTree = "<group>"; };
		E8E1D3C72BDA5A4A000FCFBC /* QuestionView.swift */ = {isa = PBXFileReference; lastKnownFileType = sourcecode.swift; path = QuestionView.swift; sourceTree = "<group>"; };
		E8E1D3C92BE0F646000FCFBC /* NewAddInfoView.swift */ = {isa = PBXFileReference; lastKnownFileType = sourcecode.swift; path = NewAddInfoView.swift; sourceTree = "<group>"; };
		E8E1D3CB2BE105FB000FCFBC /* TokenManager.swift */ = {isa = PBXFileReference; lastKnownFileType = sourcecode.swift; path = TokenManager.swift; sourceTree = "<group>"; };
		E8E4A68B2D2F22F8002A122B /* CoolButton.swift */ = {isa = PBXFileReference; lastKnownFileType = sourcecode.swift; path = CoolButton.swift; sourceTree = "<group>"; };
		E8E4A68D2D32CFD3002A122B /* AccountDeletedView.swift */ = {isa = PBXFileReference; lastKnownFileType = sourcecode.swift; path = AccountDeletedView.swift; sourceTree = "<group>"; };
		E8ED2E2E2D87057600743EB6 /* test.swift */ = {isa = PBXFileReference; lastKnownFileType = sourcecode.swift; path = test.swift; sourceTree = "<group>"; };
		E8FA7F002BC5BC320012EBF6 /* EditInfoView.swift */ = {isa = PBXFileReference; fileEncoding = 4; lastKnownFileType = sourcecode.swift; path = EditInfoView.swift; sourceTree = "<group>"; };
		E8FA7F012BC5BC320012EBF6 /* VaultView.swift */ = {isa = PBXFileReference; fileEncoding = 4; lastKnownFileType = sourcecode.swift; path = VaultView.swift; sourceTree = "<group>"; };
		E8FA7F022BC5BC320012EBF6 /* InfoViewModel.swift */ = {isa = PBXFileReference; fileEncoding = 4; lastKnownFileType = sourcecode.swift; path = InfoViewModel.swift; sourceTree = "<group>"; };
		E8FA7F032BC5BC320012EBF6 /* PromptLanguageView.swift */ = {isa = PBXFileReference; fileEncoding = 4; lastKnownFileType = sourcecode.swift; path = PromptLanguageView.swift; sourceTree = "<group>"; };
		E8FA7F072BC5BC320012EBF6 /* Settings View.swift */ = {isa = PBXFileReference; fileEncoding = 4; lastKnownFileType = sourcecode.swift; path = "Settings View.swift"; sourceTree = "<group>"; };
		E8FA7F162BC5C8F30012EBF6 /* InfosViewListCellView.swift */ = {isa = PBXFileReference; lastKnownFileType = sourcecode.swift; path = InfosViewListCellView.swift; sourceTree = "<group>"; };
		E8FA7F182BC5D3C60012EBF6 /* MyndVault.entitlements */ = {isa = PBXFileReference; lastKnownFileType = text.plist.entitlements; path = MyndVault.entitlements; sourceTree = "<group>"; };
		E8FE18EF2D156CF900CA5ECD /* ShareSheet.swift */ = {isa = PBXFileReference; lastKnownFileType = sourcecode.swift; path = ShareSheet.swift; sourceTree = "<group>"; };
		E8FFCD392D732DA20067B57F /* EventEditView.swift */ = {isa = PBXFileReference; lastKnownFileType = sourcecode.swift; path = EventEditView.swift; sourceTree = "<group>"; };
/* End PBXFileReference section */

/* Begin PBXFrameworksBuildPhase section */
		E8459EC12BC1E3BE00CE34A7 /* Frameworks */ = {
			isa = PBXFrameworksBuildPhase;
			buildActionMask = 2147483647;
			files = (
				E87874492C70CFD5001299D9 /* RevenueCatUI in Frameworks */,
				E87874472C70CFD5001299D9 /* RevenueCat in Frameworks */,
				E840D1AE2C427BA8000DB7AD /* Lottie in Frameworks */,
			);
			runOnlyForDeploymentPostprocessing = 0;
		};
/* End PBXFrameworksBuildPhase section */

/* Begin PBXGroup section */
		E82F45502BC2A72100945312 /* CloudKit */ = {
			isa = PBXGroup;
			children = (
				E82F454F2BC2A72100945312 /* CloudKitViewModel.swift */,
			);
			path = CloudKit;
			sourceTree = "<group>";
		};
		E82F45582BC2A72100945312 /* Managers */ = {
			isa = PBXGroup;
			children = (
				E82F45802BC2A80C00945312 /* NetworkViewModel.swift */,
				E82F45552BC2A72100945312 /* OpenAIManager.swift */,
				E82F45572BC2A72100945312 /* SpeechRecognizerManager.swift */,
				E8E1D3CB2BE105FB000FCFBC /* TokenManager.swift */,
				E85EE47C2D6F7BE100737A97 /* AudioRecordingManager.swift */,
				E8FFCD392D732DA20067B57F /* EventEditView.swift */,
			);
			path = Managers;
			sourceTree = "<group>";
		};
		E82F45672BC2A77E00945312 /* Configurations */ = {
			isa = PBXGroup;
			children = (
				E82F45602BC2A77E00945312 /* ApiConfiguration.swift */,
				E82F45612BC2A77E00945312 /* Codables.swift */,
				E82F45622BC2A77E00945312 /* Errors.swift */,
				E82F45632BC2A77E00945312 /* Extensions.swift */,
				E82F45642BC2A77E00945312 /* LanguageCode.swift */,
				E82F45652BC2A77E00945312 /* NamespaceItem.swift */,
				E82F45662BC2A77E00945312 /* ResponseModel.swift */,
				E8AD72442C2E03BC0049FC11 /* ImageItem.swift */,
			);
			path = Configurations;
			sourceTree = "<group>";
		};
		E82F456C2BC2A77E00945312 /* Notification Views */ = {
			isa = PBXGroup;
			children = (
				E8DA57AC2BE25BC200EB2013 /* NotificationsListCell.swift */,
				E8DA57AE2BE265F000EB2013 /* AddNotificationView.swift */,
				E82F45682BC2A77E00945312 /* NotificationCellView.swift */,
				E82F45692BC2A77E00945312 /* NotificationEditView.swift */,
				E82F456A2BC2A77E00945312 /* NotificationViewModel.swift */,
				E813C76C2BECF51900E3088D /* CountdownTimer.swift */,
			);
			path = "Notification Views";
			sourceTree = "<group>";
		};
		E82F457F2BC2A80B00945312 /* Tabbar Views */ = {
			isa = PBXGroup;
			children = (
				E8FA7F012BC5BC320012EBF6 /* VaultView.swift */,
				E8E1D3C92BE0F646000FCFBC /* NewAddInfoView.swift */,
				E85EE47A2D6F69DF00737A97 /* testing.swift */,
				E8E1D3C72BDA5A4A000FCFBC /* QuestionView.swift */,
				E838498F2C3471B200C7E390 /* FullScreenImage.swift */,
				E82F456B2BC2A77E00945312 /* NotificationsView.swift */,
			);
			path = "Tabbar Views";
			sourceTree = "<group>";
		};
		E8459EBB2BC1E3BE00CE34A7 = {
			isa = PBXGroup;
			children = (
				E8ED2E2E2D87057600743EB6 /* test.swift */,
				E8E4A68D2D32CFD3002A122B /* AccountDeletedView.swift */,
				E8E4A68B2D2F22F8002A122B /* CoolButton.swift */,
				E8FE18EF2D156CF900CA5ECD /* ShareSheet.swift */,
				E8B4C5772CDD69CA00813AC0 /* ImageView.swift */,
				E878FA8C2CD3A87800CEA8EA /* OpenaiActor.swift */,
				E878FA8E2CD3A90F00CEA8EA /* OpenAIViewModel.swift */,
				E878FA882CCD169900CEA8EA /* PineconeViewModel.swift */,
				E878FA8A2CCD16BF00CEA8EA /* PineconeActor.swift */,
				E878B7262C95A9A4003D782A /* PrivacyInfo.xcprivacy */,
				E87605B62C7A18AD002A13E5 /* RCViewModel.swift */,
				E878744A2C70D0DC001299D9 /* MyndVault.storekit */,
				E83D83FB2C5903DD002BBDE7 /* Localizable.xcstrings */,
				E8459B2A2C45AC020039BFA7 /* ErrorView.swift */,
				E816E7B42CA4002A0045CEE1 /* LoadingDotsView.swift */,
				E8CFEAF92C3D5064005A2630 /*  openSettingsView.swift */,
				E8A37F622BD00675004A98C9 /* Info */,
				E8B4D5022BF8C07400F2A174 /* Log in */,
				E8FA7F082BC5BC320012EBF6 /* Settings */,
				E8459EC62BC1E3BE00CE34A7 /* MyndVault */,
				E86BE7602C5684550030C81B /* Frameworks */,
				E8459EC52BC1E3BE00CE34A7 /* Products */,
				E86734AA2D2ADDA900CF4BEA /* UploadingFile.json */,
			);
			sourceTree = "<group>";
		};
		E8459EC52BC1E3BE00CE34A7 /* Products */ = {
			isa = PBXGroup;
			children = (
				E8459EC42BC1E3BE00CE34A7 /* MyndVault.app */,
			);
			name = Products;
			sourceTree = "<group>";
		};
		E8459EC62BC1E3BE00CE34A7 /* MyndVault */ = {
			isa = PBXGroup;
			children = (
				E8BDF9C32CFC905B0026BAE2 /* SF-Compact-Display-Regular.otf */,
				E8B72E902BC93B9600E0C90D /* Info.plist */,
				E8FA7F182BC5D3C60012EBF6 /* MyndVault.entitlements */,
				E82F45672BC2A77E00945312 /* Configurations */,
				E82F456C2BC2A77E00945312 /* Notification Views */,
				E82F45502BC2A72100945312 /* CloudKit */,
				E82F45582BC2A72100945312 /* Managers */,
				E82F454B2BC2A6D100945312 /* OpenAIKey.plist */,
				E82F457F2BC2A80B00945312 /* Tabbar Views */,
				E8459EC72BC1E3BE00CE34A7 /* MyndVaultApp.swift */,
				E8BDF9C12CFC854E0026BAE2 /* RootView.swift */,
				E87605B82C7A1BDC002A13E5 /* PurschasesDelegateHandler.swift */,
				E871C4DE2C270B5500747BC7 /* ImagePickerViewModel.swift */,
				E82F457D2BC2A80B00945312 /* SpeechRecognitionViewModel.swift */,
				E8459EC92BC1E3BE00CE34A7 /* ContentView.swift */,
				E81C6ECA2C724DAD000DC3C7 /* CustomPayWall.swift */,
				E877FA2C2C4A9FB6002FBFFC /* TypingTextView.swift */,
				E8459ECD2BC1E3BE00CE34A7 /* Assets.xcassets */,
				E85055012C428B6800FBACC4 /* Lotties */,
				E8459ECF2BC1E3BE00CE34A7 /* Preview Content */,
			);
			path = MyndVault;
			sourceTree = "<group>";
		};
		E8459ECF2BC1E3BE00CE34A7 /* Preview Content */ = {
			isa = PBXGroup;
			children = (
				E8459ED02BC1E3BE00CE34A7 /* Preview Assets.xcassets */,
			);
			path = "Preview Content";
			sourceTree = "<group>";
		};
		E85055012C428B6800FBACC4 /* Lotties */ = {
			isa = PBXGroup;
			children = (
				E878743F2C677F4B001299D9 /* ManWithLaptop.json */,
				E8C7E2972C4D460C009760F2 /* Delete.json */,
				E8002B642C4C951D00FD814D /* robotForQuestion.json */,
				E8002B5A2C4C702700FD814D /* Gradient Background.json */,
				E877FA282C4A953D002FBFFC /* smallVault.json */,
				E877FA262C4A92D4002FBFFC /* Woman_vault.json */,
				E840D1AF2C427C9E000DB7AD /* LottieRepresentable.swift */,
				E814B82C2C4340D9004BC4F4 /* alertWarning.json */,
				E850550A2C42D42300FBACC4 /* Ai Cloud.json */,
				E85055082C42CF2A00FBACC4 /* Image Recognition.json */,
				E85055062C42C6A000FBACC4 /* Brain Configurations.json */,
				E85055022C428B7C00FBACC4 /* Swift.json */,
			);
			path = Lotties;
			sourceTree = "<group>";
		};
		E86BE7602C5684550030C81B /* Frameworks */ = {
			isa = PBXGroup;
			children = (
				E86BE7632C5684550030C81B /* SwiftUI.framework */,
			);
			name = Frameworks;
			sourceTree = "<group>";
		};
		E8A37F622BD00675004A98C9 /* Info */ = {
			isa = PBXGroup;
			children = (
				E8FA7F002BC5BC320012EBF6 /* EditInfoView.swift */,
				E8FA7F162BC5C8F30012EBF6 /* InfosViewListCellView.swift */,
				E8FA7F022BC5BC320012EBF6 /* InfoViewModel.swift */,
			);
			path = Info;
			sourceTree = "<group>";
		};
		E8B4D5022BF8C07400F2A174 /* Log in */ = {
			isa = PBXGroup;
			children = (
				E8B4D5032BF8C08700F2A174 /* FaceIDView.swift */,
				E8B4D5052BF8C1FA00F2A174 /* MainView.swift */,
				E8B4D5072BF8CD7F00F2A174 /* KeychainManager.swift */,
				E8B4D50B2BF8D37100F2A174 /* InitialSetupView.swift */,
				E8B4D50D2BF8EBE000F2A174 /* AuthenticationManager.swift */,
				E8A1965E2C1B3D72008AAAAA /* SplashScreen.swift */,
				E8CFEAFB2C3D5CF1005A2630 /* SF-Mono-Semibold.otf */,
				E8CFEAFD2C3D5D52005A2630 /* NewYork.ttf */,
			);
			path = "Log in";
			sourceTree = "<group>";
		};
		E8FA7F082BC5BC320012EBF6 /* Settings */ = {
			isa = PBXGroup;
			children = (
				E85BB4002C020DB7002A2480 /* HideKeyboardLabel.swift */,
				E82F45892BC2A85D00945312 /* CustomTapBarView.swift */,
				E8FA7F032BC5BC320012EBF6 /* PromptLanguageView.swift */,
				E8FA7F072BC5BC320012EBF6 /* Settings View.swift */,
				E878743D2C677E4C001299D9 /* AboutUsView.swift */,
				E817A4262C54F7E300A0172A /* ApiCallsView.swift */,
				E817A4282C54F8DB00A0172A /* ApiCallViewModel.swift */,
			);
			path = Settings;
			sourceTree = "<group>";
		};
/* End PBXGroup section */

/* Begin PBXNativeTarget section */
		E8459EC32BC1E3BE00CE34A7 /* MyndVault */ = {
			isa = PBXNativeTarget;
			buildConfigurationList = E8459ED42BC1E3BE00CE34A7 /* Build configuration list for PBXNativeTarget "MyndVault" */;
			buildPhases = (
				E8459EC02BC1E3BE00CE34A7 /* Sources */,
				E8459EC12BC1E3BE00CE34A7 /* Frameworks */,
				E8459EC22BC1E3BE00CE34A7 /* Resources */,
				E8FA7F152BC5BF240012EBF6 /* ShellScript */,
				E86BE7772C5684560030C81B /* Embed Foundation Extensions */,
			);
			buildRules = (
			);
			dependencies = (
			);
			name = MyndVault;
			packageProductDependencies = (
				E840D1AD2C427BA8000DB7AD /* Lottie */,
				E87874462C70CFD5001299D9 /* RevenueCat */,
				E87874482C70CFD5001299D9 /* RevenueCatUI */,
			);
			productName = MyndVault;
			productReference = E8459EC42BC1E3BE00CE34A7 /* MyndVault.app */;
			productType = "com.apple.product-type.application";
		};
/* End PBXNativeTarget section */

/* Begin PBXProject section */
		E8459EBC2BC1E3BE00CE34A7 /* Project object */ = {
			isa = PBXProject;
			attributes = {
				BuildIndependentTargetsInParallel = 1;
				LastSwiftUpdateCheck = 1540;
				LastUpgradeCheck = 1540;
				TargetAttributes = {
					E8459EC32BC1E3BE00CE34A7 = {
						CreatedOnToolsVersion = 15.3;
					};
				};
			};
			buildConfigurationList = E8459EBF2BC1E3BE00CE34A7 /* Build configuration list for PBXProject "MyndVault" */;
			compatibilityVersion = "Xcode 14.0";
			developmentRegion = en;
			hasScannedForEncodings = 0;
			knownRegions = (
				en,
				Base,
				el,
				de,
				fr,
				es,
				it,
				"zh-Hans",
				ko,
				"pt-PT",
				ja,
				he,
			);
			mainGroup = E8459EBB2BC1E3BE00CE34A7;
			packageReferences = (
				E840D1AC2C427BA8000DB7AD /* XCRemoteSwiftPackageReference "lottie-ios" */,
				E87874452C70CFD5001299D9 /* XCRemoteSwiftPackageReference "purchases-ios" */,
			);
			productRefGroup = E8459EC52BC1E3BE00CE34A7 /* Products */;
			projectDirPath = "";
			projectRoot = "";
			targets = (
				E8459EC32BC1E3BE00CE34A7 /* MyndVault */,
			);
		};
/* End PBXProject section */

/* Begin PBXResourcesBuildPhase section */
		E8459EC22BC1E3BE00CE34A7 /* Resources */ = {
			isa = PBXResourcesBuildPhase;
			buildActionMask = 2147483647;
			files = (
				E83D83FC2C5903DD002BBDE7 /* Localizable.xcstrings in Resources */,
				E877FA272C4A92D4002FBFFC /* Woman_vault.json in Resources */,
				E87874402C677F4B001299D9 /* ManWithLaptop.json in Resources */,
				E85055092C42CF2A00FBACC4 /* Image Recognition.json in Resources */,
				E82F454D2BC2A6D100945312 /* OpenAIKey.plist in Resources */,
				E85055072C42C6A000FBACC4 /* Brain Configurations.json in Resources */,
				E8459ED12BC1E3BE00CE34A7 /* Preview Assets.xcassets in Resources */,
				E8C7E2982C4D460C009760F2 /* Delete.json in Resources */,
				E8BDF9C42CFC905B0026BAE2 /* SF-Compact-Display-Regular.otf in Resources */,
				E8002B652C4C951D00FD814D /* robotForQuestion.json in Resources */,
				E8CFEAFC2C3D5CF1005A2630 /* SF-Mono-Semibold.otf in Resources */,
				E85055032C428B7C00FBACC4 /* Swift.json in Resources */,
				E8002B5E2C4C702700FD814D /* Gradient Background.json in Resources */,
				E8CFEAFE2C3D5D52005A2630 /* NewYork.ttf in Resources */,
				E877FA292C4A953D002FBFFC /* smallVault.json in Resources */,
				E814B82D2C4340D9004BC4F4 /* alertWarning.json in Resources */,
				E86734AB2D2ADDA900CF4BEA /* UploadingFile.json in Resources */,
				E850550B2C42D42300FBACC4 /* Ai Cloud.json in Resources */,
				E8459ECE2BC1E3BE00CE34A7 /* Assets.xcassets in Resources */,
			);
			runOnlyForDeploymentPostprocessing = 0;
		};
/* End PBXResourcesBuildPhase section */

/* Begin PBXShellScriptBuildPhase section */
		E8FA7F152BC5BF240012EBF6 /* ShellScript */ = {
			isa = PBXShellScriptBuildPhase;
			buildActionMask = 2147483647;
			files = (
			);
			inputFileListPaths = (
			);
			inputPaths = (
			);
			outputFileListPaths = (
			);
			outputPaths = (
			);
			runOnlyForDeploymentPostprocessing = 0;
			shellScript = "
";
		};
/* End PBXShellScriptBuildPhase section */

/* Begin PBXSourcesBuildPhase section */
		E8459EC02BC1E3BE00CE34A7 /* Sources */ = {
			isa = PBXSourcesBuildPhase;
			buildActionMask = 2147483647;
			files = (
				E87605B92C7A1BDC002A13E5 /* PurschasesDelegateHandler.swift in Sources */,
				E8E4A68C2D2F22F8002A122B /* CoolButton.swift in Sources */,
				E878FA8D2CD3A87800CEA8EA /* OpenaiActor.swift in Sources */,
				E8ED2E2F2D87057600743EB6 /* test.swift in Sources */,
				E8B4D5062BF8C1FA00F2A174 /* MainView.swift in Sources */,
				E82F456E2BC2A77E00945312 /* Codables.swift in Sources */,
				E8459ECA2BC1E3BE00CE34A7 /* ContentView.swift in Sources */,
				E813C76D2BECF51900E3088D /* CountdownTimer.swift in Sources */,
				E8B4D5042BF8C08700F2A174 /* FaceIDView.swift in Sources */,
				E87605B72C7A18AD002A13E5 /* RCViewModel.swift in Sources */,
				E8B4D50C2BF8D37100F2A174 /* InitialSetupView.swift in Sources */,
				E8459B2B2C45AC020039BFA7 /* ErrorView.swift in Sources */,
				E871C4DF2C270B5500747BC7 /* ImagePickerViewModel.swift in Sources */,
				E82F455D2BC2A72100945312 /* OpenAIManager.swift in Sources */,
				E82F45712BC2A77E00945312 /* LanguageCode.swift in Sources */,
				E85EE47D2D6F7BE100737A97 /* AudioRecordingManager.swift in Sources */,
				E82F45752BC2A77E00945312 /* NotificationEditView.swift in Sources */,
				E8DA57AD2BE25BC200EB2013 /* NotificationsListCell.swift in Sources */,
				E8FFCD3A2D732DA20067B57F /* EventEditView.swift in Sources */,
				E82F456F2BC2A77E00945312 /* Errors.swift in Sources */,
				E877FA2D2C4A9FB6002FBFFC /* TypingTextView.swift in Sources */,
				E878FA892CCD169900CEA8EA /* PineconeViewModel.swift in Sources */,
				E82F456D2BC2A77E00945312 /* ApiConfiguration.swift in Sources */,
				E82F455F2BC2A72100945312 /* SpeechRecognizerManager.swift in Sources */,
				E8FA7F0D2BC5BC320012EBF6 /* InfoViewModel.swift in Sources */,
				E8AD72452C2E03BC0049FC11 /* ImageItem.swift in Sources */,
				E8A1965F2C1B3D72008AAAAA /* SplashScreen.swift in Sources */,
				E8E1D3CC2BE105FB000FCFBC /* TokenManager.swift in Sources */,
				E878743E2C677E4C001299D9 /* AboutUsView.swift in Sources */,
				E85EE47B2D6F69DF00737A97 /* testing.swift in Sources */,
				E82F45722BC2A77E00945312 /* NamespaceItem.swift in Sources */,
				E83849902C3471B200C7E390 /* FullScreenImage.swift in Sources */,
				E817A4292C54F8DB00A0172A /* ApiCallViewModel.swift in Sources */,
				E82F45702BC2A77E00945312 /* Extensions.swift in Sources */,
				E8E4A68E2D32CFD3002A122B /* AccountDeletedView.swift in Sources */,
				E8B4D50E2BF8EBE000F2A174 /* AuthenticationManager.swift in Sources */,
				E82F458A2BC2A85D00945312 /* CustomTapBarView.swift in Sources */,
				E81C6ECB2C724DAD000DC3C7 /* CustomPayWall.swift in Sources */,
				E8FA7F122BC5BC320012EBF6 /* Settings View.swift in Sources */,
				E817A4272C54F7E300A0172A /* ApiCallsView.swift in Sources */,
				E8459EC82BC1E3BE00CE34A7 /* MyndVaultApp.swift in Sources */,
				E8FA7F0C2BC5BC320012EBF6 /* VaultView.swift in Sources */,
				E8FA7F0E2BC5BC320012EBF6 /* PromptLanguageView.swift in Sources */,
				E8FA7F0B2BC5BC320012EBF6 /* EditInfoView.swift in Sources */,
				E82F45772BC2A77E00945312 /* NotificationsView.swift in Sources */,
				E8B4D5082BF8CD7F00F2A174 /* KeychainManager.swift in Sources */,
				E878FA8B2CCD16BF00CEA8EA /* PineconeActor.swift in Sources */,
				E8B4C5782CDD69CA00813AC0 /* ImageView.swift in Sources */,
				E8DA57AF2BE265F000EB2013 /* AddNotificationView.swift in Sources */,
				E8FA7F172BC5C8F30012EBF6 /* InfosViewListCellView.swift in Sources */,
				E82F45882BC2A80C00945312 /* NetworkViewModel.swift in Sources */,
				E878FA8F2CD3A90F00CEA8EA /* OpenAIViewModel.swift in Sources */,
				E82F45862BC2A80C00945312 /* SpeechRecognitionViewModel.swift in Sources */,
				E85BB4012C020DB7002A2480 /* HideKeyboardLabel.swift in Sources */,
				E8FE18F02D156CF900CA5ECD /* ShareSheet.swift in Sources */,
				E82F45742BC2A77E00945312 /* NotificationCellView.swift in Sources */,
				E8BDF9C22CFC854E0026BAE2 /* RootView.swift in Sources */,
				E82F45732BC2A77E00945312 /* ResponseModel.swift in Sources */,
				E8CFEAFA2C3D5064005A2630 /*  openSettingsView.swift in Sources */,
				E8E1D3CA2BE0F646000FCFBC /* NewAddInfoView.swift in Sources */,
				E840D1B02C427C9E000DB7AD /* LottieRepresentable.swift in Sources */,
				E816E7B52CA4002A0045CEE1 /* LoadingDotsView.swift in Sources */,
				E82F45592BC2A72100945312 /* CloudKitViewModel.swift in Sources */,
				E8E1D3C82BDA5A4A000FCFBC /* QuestionView.swift in Sources */,
				E82F45762BC2A77E00945312 /* NotificationViewModel.swift in Sources */,
			);
			runOnlyForDeploymentPostprocessing = 0;
		};
/* End PBXSourcesBuildPhase section */

/* Begin XCBuildConfiguration section */
		E8459ED22BC1E3BE00CE34A7 /* Debug */ = {
			isa = XCBuildConfiguration;
			buildSettings = {
				ALWAYS_SEARCH_USER_PATHS = NO;
				ASSETCATALOG_COMPILER_GENERATE_SWIFT_ASSET_SYMBOL_EXTENSIONS = YES;
				CLANG_ANALYZER_LOCALIZABILITY_NONLOCALIZED = YES;
				CLANG_ANALYZER_NONNULL = YES;
				CLANG_ANALYZER_NUMBER_OBJECT_CONVERSION = YES_AGGRESSIVE;
				CLANG_CXX_LANGUAGE_STANDARD = "gnu++20";
				CLANG_ENABLE_MODULES = YES;
				CLANG_ENABLE_OBJC_ARC = YES;
				CLANG_ENABLE_OBJC_WEAK = YES;
				CLANG_WARN_BLOCK_CAPTURE_AUTORELEASING = YES;
				CLANG_WARN_BOOL_CONVERSION = YES;
				CLANG_WARN_COMMA = YES;
				CLANG_WARN_CONSTANT_CONVERSION = YES;
				CLANG_WARN_DEPRECATED_OBJC_IMPLEMENTATIONS = YES;
				CLANG_WARN_DIRECT_OBJC_ISA_USAGE = YES_ERROR;
				CLANG_WARN_DOCUMENTATION_COMMENTS = YES;
				CLANG_WARN_EMPTY_BODY = YES;
				CLANG_WARN_ENUM_CONVERSION = YES;
				CLANG_WARN_INFINITE_RECURSION = YES;
				CLANG_WARN_INT_CONVERSION = YES;
				CLANG_WARN_NON_LITERAL_NULL_CONVERSION = YES;
				CLANG_WARN_OBJC_IMPLICIT_RETAIN_SELF = YES;
				CLANG_WARN_OBJC_LITERAL_CONVERSION = YES;
				CLANG_WARN_OBJC_ROOT_CLASS = YES_ERROR;
				CLANG_WARN_QUOTED_INCLUDE_IN_FRAMEWORK_HEADER = YES;
				CLANG_WARN_RANGE_LOOP_ANALYSIS = YES;
				CLANG_WARN_STRICT_PROTOTYPES = YES;
				CLANG_WARN_SUSPICIOUS_MOVE = YES;
				CLANG_WARN_UNGUARDED_AVAILABILITY = YES_AGGRESSIVE;
				CLANG_WARN_UNREACHABLE_CODE = YES;
				CLANG_WARN__DUPLICATE_METHOD_MATCH = YES;
				COPY_PHASE_STRIP = NO;
				DEBUG_INFORMATION_FORMAT = "dwarf-with-dsym";
				ENABLE_STRICT_OBJC_MSGSEND = YES;
				ENABLE_TESTABILITY = YES;
				ENABLE_USER_SCRIPT_SANDBOXING = YES;
				GCC_C_LANGUAGE_STANDARD = gnu17;
				GCC_DYNAMIC_NO_PIC = NO;
				GCC_NO_COMMON_BLOCKS = YES;
				GCC_OPTIMIZATION_LEVEL = 0;
				GCC_PREPROCESSOR_DEFINITIONS = (
					"DEBUG=1",
					"$(inherited)",
				);
				GCC_WARN_64_TO_32_BIT_CONVERSION = YES;
				GCC_WARN_ABOUT_RETURN_TYPE = YES_ERROR;
				GCC_WARN_UNDECLARED_SELECTOR = YES;
				GCC_WARN_UNINITIALIZED_AUTOS = YES_AGGRESSIVE;
				GCC_WARN_UNUSED_FUNCTION = YES;
				GCC_WARN_UNUSED_VARIABLE = YES;
				IPHONEOS_DEPLOYMENT_TARGET = 17.0;
				LOCALIZATION_PREFERS_STRING_CATALOGS = YES;
				MTL_ENABLE_DEBUG_INFO = INCLUDE_SOURCE;
				MTL_FAST_MATH = YES;
				ONLY_ACTIVE_ARCH = YES;
				SDKROOT = iphoneos;
				SWIFT_ACTIVE_COMPILATION_CONDITIONS = "DEBUG $(inherited)";
				SWIFT_OPTIMIZATION_LEVEL = "-Onone";
				SWIFT_VERSION = 5.0;
			};
			name = Debug;
		};
		E8459ED32BC1E3BE00CE34A7 /* Release */ = {
			isa = XCBuildConfiguration;
			buildSettings = {
				ALWAYS_SEARCH_USER_PATHS = NO;
				ASSETCATALOG_COMPILER_GENERATE_SWIFT_ASSET_SYMBOL_EXTENSIONS = YES;
				CLANG_ANALYZER_LOCALIZABILITY_NONLOCALIZED = YES;
				CLANG_ANALYZER_NONNULL = YES;
				CLANG_ANALYZER_NUMBER_OBJECT_CONVERSION = YES_AGGRESSIVE;
				CLANG_CXX_LANGUAGE_STANDARD = "gnu++20";
				CLANG_ENABLE_MODULES = YES;
				CLANG_ENABLE_OBJC_ARC = YES;
				CLANG_ENABLE_OBJC_WEAK = YES;
				CLANG_WARN_BLOCK_CAPTURE_AUTORELEASING = YES;
				CLANG_WARN_BOOL_CONVERSION = YES;
				CLANG_WARN_COMMA = YES;
				CLANG_WARN_CONSTANT_CONVERSION = YES;
				CLANG_WARN_DEPRECATED_OBJC_IMPLEMENTATIONS = YES;
				CLANG_WARN_DIRECT_OBJC_ISA_USAGE = YES_ERROR;
				CLANG_WARN_DOCUMENTATION_COMMENTS = YES;
				CLANG_WARN_EMPTY_BODY = YES;
				CLANG_WARN_ENUM_CONVERSION = YES;
				CLANG_WARN_INFINITE_RECURSION = YES;
				CLANG_WARN_INT_CONVERSION = YES;
				CLANG_WARN_NON_LITERAL_NULL_CONVERSION = YES;
				CLANG_WARN_OBJC_IMPLICIT_RETAIN_SELF = YES;
				CLANG_WARN_OBJC_LITERAL_CONVERSION = YES;
				CLANG_WARN_OBJC_ROOT_CLASS = YES_ERROR;
				CLANG_WARN_QUOTED_INCLUDE_IN_FRAMEWORK_HEADER = YES;
				CLANG_WARN_RANGE_LOOP_ANALYSIS = YES;
				CLANG_WARN_STRICT_PROTOTYPES = YES;
				CLANG_WARN_SUSPICIOUS_MOVE = YES;
				CLANG_WARN_UNGUARDED_AVAILABILITY = YES_AGGRESSIVE;
				CLANG_WARN_UNREACHABLE_CODE = YES;
				CLANG_WARN__DUPLICATE_METHOD_MATCH = YES;
				COPY_PHASE_STRIP = NO;
				DEBUG_INFORMATION_FORMAT = "dwarf-with-dsym";
				ENABLE_NS_ASSERTIONS = NO;
				ENABLE_STRICT_OBJC_MSGSEND = YES;
				ENABLE_USER_SCRIPT_SANDBOXING = YES;
				GCC_C_LANGUAGE_STANDARD = gnu17;
				GCC_NO_COMMON_BLOCKS = YES;
				GCC_WARN_64_TO_32_BIT_CONVERSION = YES;
				GCC_WARN_ABOUT_RETURN_TYPE = YES_ERROR;
				GCC_WARN_UNDECLARED_SELECTOR = YES;
				GCC_WARN_UNINITIALIZED_AUTOS = YES_AGGRESSIVE;
				GCC_WARN_UNUSED_FUNCTION = YES;
				GCC_WARN_UNUSED_VARIABLE = YES;
				IPHONEOS_DEPLOYMENT_TARGET = 17.0;
				LOCALIZATION_PREFERS_STRING_CATALOGS = YES;
				MTL_ENABLE_DEBUG_INFO = NO;
				MTL_FAST_MATH = YES;
				SDKROOT = iphoneos;
				SWIFT_COMPILATION_MODE = wholemodule;
				SWIFT_VERSION = 5.0;
				VALIDATE_PRODUCT = YES;
			};
			name = Release;
		};
		E8459ED52BC1E3BE00CE34A7 /* Debug */ = {
			isa = XCBuildConfiguration;
			buildSettings = {
				ASSETCATALOG_COMPILER_APPICON_NAME = AppIcon;
				ASSETCATALOG_COMPILER_GLOBAL_ACCENT_COLOR_NAME = AccentColor;
				CODE_SIGN_ENTITLEMENTS = MyndVault/MyndVault.entitlements;
				CODE_SIGN_STYLE = Automatic;
				CURRENT_PROJECT_VERSION = 1;
				DEBUG_INFORMATION_FORMAT = "dwarf-with-dsym";
				DEVELOPMENT_ASSET_PATHS = "\"MyndVault/Preview Content\"";
				DEVELOPMENT_TEAM = H4TST29A3U;
				ENABLE_PREVIEWS = YES;
				GENERATE_INFOPLIST_FILE = YES;
				INFOPLIST_FILE = MyndVault/Info.plist;
				INFOPLIST_KEY_CFBundleDisplayName = MyndVault;
				INFOPLIST_KEY_LSApplicationCategoryType = "public.app-category.productivity";
				INFOPLIST_KEY_NSCalendarsUsageDescription = "MyndVault is requesting your permission to create events in your Calendar.";
				INFOPLIST_KEY_NSFaceIDUsageDescription = "MyndVault secures the access to your infos with Face ID. ";
				INFOPLIST_KEY_NSMicrophoneUsageDescription = "MyndVault requires access to microphone to convert spoken words into text for reminders and other features.";
				INFOPLIST_KEY_NSSpeechRecognitionUsageDescription = "MyndVault requires access to Apple's speech recognition for processing your voice commands.";
				INFOPLIST_KEY_UIApplicationSceneManifest_Generation = YES;
				INFOPLIST_KEY_UIApplicationSupportsIndirectInputEvents = YES;
				INFOPLIST_KEY_UILaunchScreen_Generation = YES;
				INFOPLIST_KEY_UILaunchStoryboardName = "";
				INFOPLIST_KEY_UIStatusBarHidden = YES;
				INFOPLIST_KEY_UISupportedInterfaceOrientations = UIInterfaceOrientationPortrait;
				IPHONEOS_DEPLOYMENT_TARGET = 17.5;
				LD_RUNPATH_SEARCH_PATHS = (
					"$(inherited)",
					"@executable_path/Frameworks",
				);
				MARKETING_VERSION = 4.2.4;
				PRODUCT_BUNDLE_IDENTIFIER = dev.chillvibes.MyndVault;
				PRODUCT_NAME = "$(TARGET_NAME)";
				SUPPORTED_PLATFORMS = "iphoneos iphonesimulator";
				SUPPORTS_MACCATALYST = NO;
				SWIFT_EMIT_LOC_STRINGS = YES;
				SWIFT_VERSION = 6.0;
				TARGETED_DEVICE_FAMILY = 1;
			};
			name = Debug;
		};
		E8459ED62BC1E3BE00CE34A7 /* Release */ = {
			isa = XCBuildConfiguration;
			buildSettings = {
				ASSETCATALOG_COMPILER_APPICON_NAME = AppIcon;
				ASSETCATALOG_COMPILER_GLOBAL_ACCENT_COLOR_NAME = AccentColor;
				CODE_SIGN_ENTITLEMENTS = MyndVault/MyndVault.entitlements;
				CODE_SIGN_STYLE = Automatic;
				CURRENT_PROJECT_VERSION = 1;
				DEVELOPMENT_ASSET_PATHS = "\"MyndVault/Preview Content\"";
				DEVELOPMENT_TEAM = H4TST29A3U;
				ENABLE_PREVIEWS = YES;
				GENERATE_INFOPLIST_FILE = YES;
				INFOPLIST_FILE = MyndVault/Info.plist;
				INFOPLIST_KEY_CFBundleDisplayName = MyndVault;
				INFOPLIST_KEY_LSApplicationCategoryType = "public.app-category.productivity";
				INFOPLIST_KEY_NSCalendarsUsageDescription = "MyndVault is requesting your permission to create events in your Calendar.";
				INFOPLIST_KEY_NSFaceIDUsageDescription = "MyndVault secures the access to your infos with Face ID. ";
				INFOPLIST_KEY_NSMicrophoneUsageDescription = "MyndVault requires access to microphone to convert spoken words into text for reminders and other features.";
				INFOPLIST_KEY_NSSpeechRecognitionUsageDescription = "MyndVault requires access to Apple's speech recognition for processing your voice commands.";
				INFOPLIST_KEY_UIApplicationSceneManifest_Generation = YES;
				INFOPLIST_KEY_UIApplicationSupportsIndirectInputEvents = YES;
				INFOPLIST_KEY_UILaunchScreen_Generation = YES;
				INFOPLIST_KEY_UILaunchStoryboardName = "";
				INFOPLIST_KEY_UIStatusBarHidden = YES;
				INFOPLIST_KEY_UISupportedInterfaceOrientations = UIInterfaceOrientationPortrait;
				IPHONEOS_DEPLOYMENT_TARGET = 17.5;
				LD_RUNPATH_SEARCH_PATHS = (
					"$(inherited)",
					"@executable_path/Frameworks",
				);
				MARKETING_VERSION = 4.2.4;
				PRODUCT_BUNDLE_IDENTIFIER = dev.chillvibes.MyndVault;
				PRODUCT_NAME = "$(TARGET_NAME)";
				SUPPORTED_PLATFORMS = "iphoneos iphonesimulator";
				SUPPORTS_MACCATALYST = NO;
				SWIFT_EMIT_LOC_STRINGS = YES;
				SWIFT_VERSION = 6.0;
				TARGETED_DEVICE_FAMILY = 1;
			};
			name = Release;
		};
/* End XCBuildConfiguration section */

/* Begin XCConfigurationList section */
		E8459EBF2BC1E3BE00CE34A7 /* Build configuration list for PBXProject "MyndVault" */ = {
			isa = XCConfigurationList;
			buildConfigurations = (
				E8459ED22BC1E3BE00CE34A7 /* Debug */,
				E8459ED32BC1E3BE00CE34A7 /* Release */,
			);
			defaultConfigurationIsVisible = 0;
			defaultConfigurationName = Release;
		};
		E8459ED42BC1E3BE00CE34A7 /* Build configuration list for PBXNativeTarget "MyndVault" */ = {
			isa = XCConfigurationList;
			buildConfigurations = (
				E8459ED52BC1E3BE00CE34A7 /* Debug */,
				E8459ED62BC1E3BE00CE34A7 /* Release */,
			);
			defaultConfigurationIsVisible = 0;
			defaultConfigurationName = Release;
		};
/* End XCConfigurationList section */

/* Begin XCRemoteSwiftPackageReference section */
		E840D1AC2C427BA8000DB7AD /* XCRemoteSwiftPackageReference "lottie-ios" */ = {
			isa = XCRemoteSwiftPackageReference;
			repositoryURL = "https://github.com/airbnb/lottie-ios";
			requirement = {
				kind = upToNextMajorVersion;
				minimumVersion = 4.5.0;
			};
		};
		E87874452C70CFD5001299D9 /* XCRemoteSwiftPackageReference "purchases-ios" */ = {
			isa = XCRemoteSwiftPackageReference;
			repositoryURL = "https://github.com/RevenueCat/purchases-ios.git";
			requirement = {
				kind = upToNextMajorVersion;
				minimumVersion = 5.2.3;
			};
		};
/* End XCRemoteSwiftPackageReference section */

/* Begin XCSwiftPackageProductDependency section */
		E840D1AD2C427BA8000DB7AD /* Lottie */ = {
			isa = XCSwiftPackageProductDependency;
			package = E840D1AC2C427BA8000DB7AD /* XCRemoteSwiftPackageReference "lottie-ios" */;
			productName = Lottie;
		};
		E87874462C70CFD5001299D9 /* RevenueCat */ = {
			isa = XCSwiftPackageProductDependency;
			package = E87874452C70CFD5001299D9 /* XCRemoteSwiftPackageReference "purchases-ios" */;
			productName = RevenueCat;
		};
		E87874482C70CFD5001299D9 /* RevenueCatUI */ = {
			isa = XCSwiftPackageProductDependency;
			package = E87874452C70CFD5001299D9 /* XCRemoteSwiftPackageReference "purchases-ios" */;
			productName = RevenueCatUI;
		};
/* End XCSwiftPackageProductDependency section */
	};
	rootObject = E8459EBC2BC1E3BE00CE34A7 /* Project object */;
}
