// !$*UTF8*$!
{
	archiveVersion = 1;
	classes = {
	};
	objectVersion = 70;
	objects = {

/* Begin PBXBuildFile section */
		E81AABDE2DB8FC4300BF7C1A /* KVault.swift in Sources */ = {isa = PBXBuildFile; fileRef = E81AABDD2DB8FC4300BF7C1A /* KVault.swift */; };
		E81E2E4A2DCE587C000647CA /* RevenueCatManager.swift in Sources */ = {isa = PBXBuildFile; fileRef = E81E2E492DCE587C000647CA /* RevenueCatManager.swift */; };
		E81E2E4C2DCE59E4000647CA /* CustomPayWall.swift in Sources */ = {isa = PBXBuildFile; fileRef = E81E2E4B2DCE59E4000647CA /* CustomPayWall.swift */; };
		E82F454D2BC2A6D100945312 /* OpenAIKey.plist in Resources */ = {isa = PBXBuildFile; fileRef = E82F454B2BC2A6D100945312 /* OpenAIKey.plist */; };
		E82F455F2BC2A72100945312 /* SpeechRecognizerManager.swift in Sources */ = {isa = PBXBuildFile; fileRef = E82F45572BC2A72100945312 /* SpeechRecognizerManager.swift */; };
		E82F456D2BC2A77E00945312 /* ApiConfiguration.swift in Sources */ = {isa = PBXBuildFile; fileRef = E82F45602BC2A77E00945312 /* ApiConfiguration.swift */; };
		E82F456E2BC2A77E00945312 /* Codables.swift in Sources */ = {isa = PBXBuildFile; fileRef = E82F45612BC2A77E00945312 /* Codables.swift */; };
		E82F456F2BC2A77E00945312 /* Errors.swift in Sources */ = {isa = PBXBuildFile; fileRef = E82F45622BC2A77E00945312 /* Errors.swift */; };
		E82F45702BC2A77E00945312 /* Extensions.swift in Sources */ = {isa = PBXBuildFile; fileRef = E82F45632BC2A77E00945312 /* Extensions.swift */; };
		E82F45732BC2A77E00945312 /* ResponseModel.swift in Sources */ = {isa = PBXBuildFile; fileRef = E82F45662BC2A77E00945312 /* ResponseModel.swift */; };
		E82F45882BC2A80C00945312 /* NetworkViewModel.swift in Sources */ = {isa = PBXBuildFile; fileRef = E82F45802BC2A80C00945312 /* NetworkViewModel.swift */; };
		E84203E32DBB851C00DFCFE2 /* KEditInfoViewModel.swift in Sources */ = {isa = PBXBuildFile; fileRef = E84203E22DBB851C00DFCFE2 /* KEditInfoViewModel.swift */; };
		E84203E52DBB853800DFCFE2 /* KEditInfoView.swift in Sources */ = {isa = PBXBuildFile; fileRef = E84203E42DBB853800DFCFE2 /* KEditInfoView.swift */; };
		E84203E72DBBA15500DFCFE2 /* NewYorkItalic.ttf in Resources */ = {isa = PBXBuildFile; fileRef = E84203E62DBBA15500DFCFE2 /* NewYorkItalic.ttf */; };
		E8459EC82BC1E3BE00CE34A7 /* MyndVaultApp.swift in Sources */ = {isa = PBXBuildFile; fileRef = E8459EC72BC1E3BE00CE34A7 /* MyndVaultApp.swift */; };
		E8459ECE2BC1E3BE00CE34A7 /* Assets.xcassets in Resources */ = {isa = PBXBuildFile; fileRef = E8459ECD2BC1E3BE00CE34A7 /* Assets.xcassets */; };
		E8459ED12BC1E3BE00CE34A7 /* Preview Assets.xcassets in Resources */ = {isa = PBXBuildFile; fileRef = E8459ED02BC1E3BE00CE34A7 /* Preview Assets.xcassets */; };
		E847077F2DD88122008B9EA4 /* MyndVault.storekit in Resources */ = {isa = PBXBuildFile; fileRef = E847077E2DD88122008B9EA4 /* MyndVault.storekit */; };
		E84707812DD885F0008B9EA4 /* KErrorView.swift in Sources */ = {isa = PBXBuildFile; fileRef = E84707802DD885F0008B9EA4 /* KErrorView.swift */; };
		E84707832DD89723008B9EA4 /* VectorEntity.swift in Sources */ = {isa = PBXBuildFile; fileRef = E84707822DD89723008B9EA4 /* VectorEntity.swift */; };
		E84707852DD89E76008B9EA4 /* AppRootView.swift in Sources */ = {isa = PBXBuildFile; fileRef = E84707842DD89E76008B9EA4 /* AppRootView.swift */; };
		E85EE47D2D6F7BE100737A97 /* AudioRecordingManager.swift in Sources */ = {isa = PBXBuildFile; fileRef = E85EE47C2D6F7BE100737A97 /* AudioRecordingManager.swift */; };
		E86AD9A62DC5639600AD434C /* Launch Screen.storyboard in Resources */ = {isa = PBXBuildFile; fileRef = E86AD9A52DC5639600AD434C /* Launch Screen.storyboard */; };
		E86C27102DAA724C008950A8 /* KView.swift in Sources */ = {isa = PBXBuildFile; fileRef = E86C270F2DAA724C008950A8 /* KView.swift */; };
		E87530922DB7BD6C0020BFDD /* KSettings.swift in Sources */ = {isa = PBXBuildFile; fileRef = E87530912DB7BD6C0020BFDD /* KSettings.swift */; };
		E87605B72C7A18AD002A13E5 /* RCViewModel.swift in Sources */ = {isa = PBXBuildFile; fileRef = E87605B62C7A18AD002A13E5 /* RCViewModel.swift */; };
		E87605B92C7A1BDC002A13E5 /* PurschasesDelegateHandler.swift in Sources */ = {isa = PBXBuildFile; fileRef = E87605B82C7A1BDC002A13E5 /* PurschasesDelegateHandler.swift */; };
		E878743E2C677E4C001299D9 /* AboutUsView.swift in Sources */ = {isa = PBXBuildFile; fileRef = E878743D2C677E4C001299D9 /* AboutUsView.swift */; };
		E87874472C70CFD5001299D9 /* RevenueCat in Frameworks */ = {isa = PBXBuildFile; productRef = E87874462C70CFD5001299D9 /* RevenueCat */; };
		E87874492C70CFD5001299D9 /* RevenueCatUI in Frameworks */ = {isa = PBXBuildFile; productRef = E87874482C70CFD5001299D9 /* RevenueCatUI */; };
		E878FA892CCD169900CEA8EA /* PineconeViewModel.swift in Sources */ = {isa = PBXBuildFile; fileRef = E878FA882CCD169900CEA8EA /* PineconeViewModel.swift */; };
		E878FA8B2CCD16BF00CEA8EA /* PineconeActor.swift in Sources */ = {isa = PBXBuildFile; fileRef = E878FA8A2CCD16BF00CEA8EA /* PineconeActor.swift */; };
		E878FA8D2CD3A87800CEA8EA /* OpenaiActor.swift in Sources */ = {isa = PBXBuildFile; fileRef = E878FA8C2CD3A87800CEA8EA /* OpenaiActor.swift */; };
		E878FA8F2CD3A90F00CEA8EA /* OpenAIViewModel.swift in Sources */ = {isa = PBXBuildFile; fileRef = E878FA8E2CD3A90F00CEA8EA /* OpenAIViewModel.swift */; };
		E88B34D32DB3A99A002B43C2 /* BrightnessChecker.swift in Sources */ = {isa = PBXBuildFile; fileRef = E88B34D22DB3A99A002B43C2 /* BrightnessChecker.swift */; };
		E8A450DF2DCA51B3008E86B7 /*  DeleteAccountView.swift in Sources */ = {isa = PBXBuildFile; fileRef = E8A450DE2DCA51B3008E86B7 /*  DeleteAccountView.swift */; };
		E8A450E12DCA64FA008E86B7 /* ApiCallUsageManager.swift in Sources */ = {isa = PBXBuildFile; fileRef = E8A450E02DCA64FA008E86B7 /* ApiCallUsageManager.swift */; };
		E8AE7BEC2DC62E21002CBCF1 /* KEmbarkationView.swift in Sources */ = {isa = PBXBuildFile; fileRef = E8AE7BEB2DC62E21002CBCF1 /* KEmbarkationView.swift */; };
		E8BD3DEB2DF324E800165BAD /* WidgetKit.framework in Frameworks */ = {isa = PBXBuildFile; fileRef = E8BD3DEA2DF324E700165BAD /* WidgetKit.framework */; };
		E8BD3DEC2DF324E800165BAD /* SwiftUI.framework in Frameworks */ = {isa = PBXBuildFile; fileRef = E86BE7632C5684550030C81B /* SwiftUI.framework */; };
		E8BD3DF72DF324E800165BAD /* MnimiWidgetExtension.appex in Embed Foundation Extensions */ = {isa = PBXBuildFile; fileRef = E8BD3DE92DF324E700165BAD /* MnimiWidgetExtension.appex */; settings = {ATTRIBUTES = (RemoveHeadersOnCopy, ); }; };
		E8BDF9C42CFC905B0026BAE2 /* SF-Compact-Display-Regular.otf in Resources */ = {isa = PBXBuildFile; fileRef = E8BDF9C32CFC905B0026BAE2 /* SF-Compact-Display-Regular.otf */; };
		E8E4A68E2D32CFD3002A122B /* AccountDeletedView.swift in Sources */ = {isa = PBXBuildFile; fileRef = E8E4A68D2D32CFD3002A122B /* AccountDeletedView.swift */; };
		E8FE18F02D156CF900CA5ECD /* ShareSheet.swift in Sources */ = {isa = PBXBuildFile; fileRef = E8FE18EF2D156CF900CA5ECD /* ShareSheet.swift */; };
		E8FFCD3A2D732DA20067B57F /* EventEditView.swift in Sources */ = {isa = PBXBuildFile; fileRef = E8FFCD392D732DA20067B57F /* EventEditView.swift */; };
/* End PBXBuildFile section */

/* Begin PBXContainerItemProxy section */
		E8BD3DF52DF324E800165BAD /* PBXContainerItemProxy */ = {
			isa = PBXContainerItemProxy;
			containerPortal = E8459EBC2BC1E3BE00CE34A7 /* Project object */;
			proxyType = 1;
			remoteGlobalIDString = E8BD3DE82DF324E700165BAD;
			remoteInfo = MnimiWidgetExtension;
		};
/* End PBXContainerItemProxy section */

/* Begin PBXCopyFilesBuildPhase section */
		E86BE7772C5684560030C81B /* Embed Foundation Extensions */ = {
			isa = PBXCopyFilesBuildPhase;
			buildActionMask = 2147483647;
			dstPath = "";
			dstSubfolderSpec = 13;
			files = (
				E8BD3DF72DF324E800165BAD /* MnimiWidgetExtension.appex in Embed Foundation Extensions */,
			);
			name = "Embed Foundation Extensions";
			runOnlyForDeploymentPostprocessing = 0;
		};
/* End PBXCopyFilesBuildPhase section */

/* Begin PBXFileReference section */
		E81AABDD2DB8FC4300BF7C1A /* KVault.swift */ = {isa = PBXFileReference; lastKnownFileType = sourcecode.swift; path = KVault.swift; sourceTree = "<group>"; };
		E81E2E492DCE587C000647CA /* RevenueCatManager.swift */ = {isa = PBXFileReference; lastKnownFileType = sourcecode.swift; path = RevenueCatManager.swift; sourceTree = "<group>"; };
		E81E2E4B2DCE59E4000647CA /* CustomPayWall.swift */ = {isa = PBXFileReference; lastKnownFileType = sourcecode.swift; path = CustomPayWall.swift; sourceTree = "<group>"; };
		E81E2E4D2DCF684D000647CA /* MyndVault.storekit */ = {isa = PBXFileReference; lastKnownFileType = text; path = MyndVault.storekit; sourceTree = "<group>"; };
		E81E2E4F2DCF6A99000647CA /* MyndVault.entitlements */ = {isa = PBXFileReference; lastKnownFileType = text.plist.entitlements; path = MyndVault.entitlements; sourceTree = "<group>"; };
		E82F454B2BC2A6D100945312 /* OpenAIKey.plist */ = {isa = PBXFileReference; fileEncoding = 4; lastKnownFileType = text.plist.xml; path = OpenAIKey.plist; sourceTree = "<group>"; };
		E82F45572BC2A72100945312 /* SpeechRecognizerManager.swift */ = {isa = PBXFileReference; fileEncoding = 4; lastKnownFileType = sourcecode.swift; path = SpeechRecognizerManager.swift; sourceTree = "<group>"; };
		E82F45602BC2A77E00945312 /* ApiConfiguration.swift */ = {isa = PBXFileReference; fileEncoding = 4; lastKnownFileType = sourcecode.swift; path = ApiConfiguration.swift; sourceTree = "<group>"; };
		E82F45612BC2A77E00945312 /* Codables.swift */ = {isa = PBXFileReference; fileEncoding = 4; lastKnownFileType = sourcecode.swift; path = Codables.swift; sourceTree = "<group>"; };
		E82F45622BC2A77E00945312 /* Errors.swift */ = {isa = PBXFileReference; fileEncoding = 4; lastKnownFileType = sourcecode.swift; path = Errors.swift; sourceTree = "<group>"; };
		E82F45632BC2A77E00945312 /* Extensions.swift */ = {isa = PBXFileReference; fileEncoding = 4; lastKnownFileType = sourcecode.swift; path = Extensions.swift; sourceTree = "<group>"; };
		E82F45662BC2A77E00945312 /* ResponseModel.swift */ = {isa = PBXFileReference; fileEncoding = 4; lastKnownFileType = sourcecode.swift; path = ResponseModel.swift; sourceTree = "<group>"; };
		E82F45802BC2A80C00945312 /* NetworkViewModel.swift */ = {isa = PBXFileReference; fileEncoding = 4; lastKnownFileType = sourcecode.swift; path = NetworkViewModel.swift; sourceTree = "<group>"; };
		E84203E22DBB851C00DFCFE2 /* KEditInfoViewModel.swift */ = {isa = PBXFileReference; lastKnownFileType = sourcecode.swift; path = KEditInfoViewModel.swift; sourceTree = "<group>"; };
		E84203E42DBB853800DFCFE2 /* KEditInfoView.swift */ = {isa = PBXFileReference; lastKnownFileType = sourcecode.swift; path = KEditInfoView.swift; sourceTree = "<group>"; };
		E84203E62DBBA15500DFCFE2 /* NewYorkItalic.ttf */ = {isa = PBXFileReference; lastKnownFileType = file; path = NewYorkItalic.ttf; sourceTree = "<group>"; };
		E8459EC42BC1E3BE00CE34A7 /* MnimiApp.app */ = {isa = PBXFileReference; explicitFileType = wrapper.application; includeInIndex = 0; path = MnimiApp.app; sourceTree = BUILT_PRODUCTS_DIR; };
		E8459EC72BC1E3BE00CE34A7 /* MyndVaultApp.swift */ = {isa = PBXFileReference; lastKnownFileType = sourcecode.swift; path = MyndVaultApp.swift; sourceTree = "<group>"; };
		E8459ECD2BC1E3BE00CE34A7 /* Assets.xcassets */ = {isa = PBXFileReference; lastKnownFileType = folder.assetcatalog; path = Assets.xcassets; sourceTree = "<group>"; };
		E8459ED02BC1E3BE00CE34A7 /* Preview Assets.xcassets */ = {isa = PBXFileReference; lastKnownFileType = folder.assetcatalog; path = "Preview Assets.xcassets"; sourceTree = "<group>"; };
		E847077E2DD88122008B9EA4 /* MyndVault.storekit */ = {isa = PBXFileReference; lastKnownFileType = text; path = MyndVault.storekit; sourceTree = "<group>"; };
		E84707802DD885F0008B9EA4 /* KErrorView.swift */ = {isa = PBXFileReference; lastKnownFileType = sourcecode.swift; path = KErrorView.swift; sourceTree = "<group>"; };
		E84707822DD89723008B9EA4 /* VectorEntity.swift */ = {isa = PBXFileReference; lastKnownFileType = sourcecode.swift; path = VectorEntity.swift; sourceTree = "<group>"; };
		E84707842DD89E76008B9EA4 /* AppRootView.swift */ = {isa = PBXFileReference; lastKnownFileType = sourcecode.swift; path = AppRootView.swift; sourceTree = "<group>"; };
		E85EE47C2D6F7BE100737A97 /* AudioRecordingManager.swift */ = {isa = PBXFileReference; lastKnownFileType = sourcecode.swift; path = AudioRecordingManager.swift; sourceTree = "<group>"; };
		E86AD9A52DC5639600AD434C /* Launch Screen.storyboard */ = {isa = PBXFileReference; lastKnownFileType = file.storyboard; path = "Launch Screen.storyboard"; sourceTree = "<group>"; };
		E86BE7632C5684550030C81B /* SwiftUI.framework */ = {isa = PBXFileReference; lastKnownFileType = wrapper.framework; name = SwiftUI.framework; path = System/Library/Frameworks/SwiftUI.framework; sourceTree = SDKROOT; };
		E86C270F2DAA724C008950A8 /* KView.swift */ = {isa = PBXFileReference; lastKnownFileType = sourcecode.swift; path = KView.swift; sourceTree = "<group>"; };
		E87530912DB7BD6C0020BFDD /* KSettings.swift */ = {isa = PBXFileReference; lastKnownFileType = sourcecode.swift; path = KSettings.swift; sourceTree = "<group>"; };
		E87605B62C7A18AD002A13E5 /* RCViewModel.swift */ = {isa = PBXFileReference; lastKnownFileType = sourcecode.swift; path = RCViewModel.swift; sourceTree = "<group>"; };
		E87605B82C7A1BDC002A13E5 /* PurschasesDelegateHandler.swift */ = {isa = PBXFileReference; lastKnownFileType = sourcecode.swift; path = PurschasesDelegateHandler.swift; sourceTree = "<group>"; };
		E878743D2C677E4C001299D9 /* AboutUsView.swift */ = {isa = PBXFileReference; lastKnownFileType = sourcecode.swift; path = AboutUsView.swift; sourceTree = "<group>"; };
		E878744A2C70D0DC001299D9 /* MyndVault.storekit */ = {isa = PBXFileReference; lastKnownFileType = text; name = MyndVault.storekit; path = Settings/MyndVault.storekit; sourceTree = "<group>"; };
		E878B7262C95A9A4003D782A /* PrivacyInfo.xcprivacy */ = {isa = PBXFileReference; lastKnownFileType = text.xml; path = PrivacyInfo.xcprivacy; sourceTree = "<group>"; };
		E878FA882CCD169900CEA8EA /* PineconeViewModel.swift */ = {isa = PBXFileReference; lastKnownFileType = sourcecode.swift; path = PineconeViewModel.swift; sourceTree = "<group>"; };
		E878FA8A2CCD16BF00CEA8EA /* PineconeActor.swift */ = {isa = PBXFileReference; lastKnownFileType = sourcecode.swift; path = PineconeActor.swift; sourceTree = "<group>"; };
		E878FA8C2CD3A87800CEA8EA /* OpenaiActor.swift */ = {isa = PBXFileReference; lastKnownFileType = sourcecode.swift; path = OpenaiActor.swift; sourceTree = "<group>"; };
		E878FA8E2CD3A90F00CEA8EA /* OpenAIViewModel.swift */ = {isa = PBXFileReference; lastKnownFileType = sourcecode.swift; path = OpenAIViewModel.swift; sourceTree = "<group>"; };
		E88B34D22DB3A99A002B43C2 /* BrightnessChecker.swift */ = {isa = PBXFileReference; lastKnownFileType = sourcecode.swift; path = BrightnessChecker.swift; sourceTree = "<group>"; };
		E8A450DE2DCA51B3008E86B7 /*  DeleteAccountView.swift */ = {isa = PBXFileReference; lastKnownFileType = sourcecode.swift; path = " DeleteAccountView.swift"; sourceTree = "<group>"; };
		E8A450E02DCA64FA008E86B7 /* ApiCallUsageManager.swift */ = {isa = PBXFileReference; lastKnownFileType = sourcecode.swift; path = ApiCallUsageManager.swift; sourceTree = "<group>"; };
		E8AE7BEB2DC62E21002CBCF1 /* KEmbarkationView.swift */ = {isa = PBXFileReference; lastKnownFileType = sourcecode.swift; path = KEmbarkationView.swift; sourceTree = "<group>"; };
		E8B72E902BC93B9600E0C90D /* Info.plist */ = {isa = PBXFileReference; lastKnownFileType = text.plist; path = Info.plist; sourceTree = "<group>"; };
		E8BD3DE92DF324E700165BAD /* MnimiWidgetExtension.appex */ = {isa = PBXFileReference; explicitFileType = "wrapper.app-extension"; includeInIndex = 0; path = MnimiWidgetExtension.appex; sourceTree = BUILT_PRODUCTS_DIR; };
		E8BD3DEA2DF324E700165BAD /* WidgetKit.framework */ = {isa = PBXFileReference; lastKnownFileType = wrapper.framework; name = WidgetKit.framework; path = System/Library/Frameworks/WidgetKit.framework; sourceTree = SDKROOT; };
		E8BDF9C32CFC905B0026BAE2 /* SF-Compact-Display-Regular.otf */ = {isa = PBXFileReference; lastKnownFileType = file; path = "SF-Compact-Display-Regular.otf"; sourceTree = "<group>"; };
		E8E4A68D2D32CFD3002A122B /* AccountDeletedView.swift */ = {isa = PBXFileReference; lastKnownFileType = sourcecode.swift; path = AccountDeletedView.swift; sourceTree = "<group>"; };
		E8F6558C2DF4326700DF2128 /* MnimiWidgetExtension.entitlements */ = {isa = PBXFileReference; lastKnownFileType = text.plist.entitlements; path = MnimiWidgetExtension.entitlements; sourceTree = "<group>"; };
		E8FA7F182BC5D3C60012EBF6 /* MyndVault.entitlements */ = {isa = PBXFileReference; lastKnownFileType = text.plist.entitlements; path = MyndVault.entitlements; sourceTree = "<group>"; };
		E8FE18EF2D156CF900CA5ECD /* ShareSheet.swift */ = {isa = PBXFileReference; lastKnownFileType = sourcecode.swift; path = ShareSheet.swift; sourceTree = "<group>"; };
		E8FFCD392D732DA20067B57F /* EventEditView.swift */ = {isa = PBXFileReference; lastKnownFileType = sourcecode.swift; path = EventEditView.swift; sourceTree = "<group>"; };
/* End PBXFileReference section */

/* Begin PBXFileSystemSynchronizedBuildFileExceptionSet section */
		E8BD3DFA2DF324E800165BAD /* PBXFileSystemSynchronizedBuildFileExceptionSet */ = {
			isa = PBXFileSystemSynchronizedBuildFileExceptionSet;
			membershipExceptions = (
				Info.plist,
			);
			target = E8BD3DE82DF324E700165BAD /* MnimiWidgetExtension */;
		};
/* End PBXFileSystemSynchronizedBuildFileExceptionSet section */

/* Begin PBXFileSystemSynchronizedRootGroup section */
		E8BD3DED2DF324E800165BAD /* MnimiWidget */ = {isa = PBXFileSystemSynchronizedRootGroup; exceptions = (E8BD3DFA2DF324E800165BAD /* PBXFileSystemSynchronizedBuildFileExceptionSet */, ); explicitFileTypes = {}; explicitFolders = (); path = MnimiWidget; sourceTree = "<group>"; };
/* End PBXFileSystemSynchronizedRootGroup section */

/* Begin PBXFrameworksBuildPhase section */
		E8459EC12BC1E3BE00CE34A7 /* Frameworks */ = {
			isa = PBXFrameworksBuildPhase;
			buildActionMask = 2147483647;
			files = (
				E87874492C70CFD5001299D9 /* RevenueCatUI in Frameworks */,
				E87874472C70CFD5001299D9 /* RevenueCat in Frameworks */,
			);
			runOnlyForDeploymentPostprocessing = 0;
		};
		E8BD3DE62DF324E700165BAD /* Frameworks */ = {
			isa = PBXFrameworksBuildPhase;
			buildActionMask = 2147483647;
			files = (
				E8BD3DEC2DF324E800165BAD /* SwiftUI.framework in Frameworks */,
				E8BD3DEB2DF324E800165BAD /* WidgetKit.framework in Frameworks */,
			);
			runOnlyForDeploymentPostprocessing = 0;
		};
/* End PBXFrameworksBuildPhase section */

/* Begin PBXGroup section */
		E82F45582BC2A72100945312 /* Managers */ = {
			isa = PBXGroup;
			children = (
				E82F45802BC2A80C00945312 /* NetworkViewModel.swift */,
				E82F45572BC2A72100945312 /* SpeechRecognizerManager.swift */,
				E85EE47C2D6F7BE100737A97 /* AudioRecordingManager.swift */,
			);
			path = Managers;
			sourceTree = "<group>";
		};
		E82F45672BC2A77E00945312 /* Configurations */ = {
			isa = PBXGroup;
			children = (
				E82F45602BC2A77E00945312 /* ApiConfiguration.swift */,
				E82F45612BC2A77E00945312 /* Codables.swift */,
				E82F45632BC2A77E00945312 /* Extensions.swift */,
				E847077E2DD88122008B9EA4 /* MyndVault.storekit */,
			);
			path = Configurations;
			sourceTree = "<group>";
		};
		E8459EBB2BC1E3BE00CE34A7 = {
			isa = PBXGroup;
			children = (
				E8F6558C2DF4326700DF2128 /* MnimiWidgetExtension.entitlements */,
				E81E2E4F2DCF6A99000647CA /* MyndVault.entitlements */,
				E81E2E4D2DCF684D000647CA /* MyndVault.storekit */,
				E8BD3E022DF32C4400165BAD /* Revenue related */,
				E86AD9A52DC5639600AD434C /* Launch Screen.storyboard */,
				E8BD3E012DF32C2100165BAD /* SettingsViews */,
				E8BD3DFE2DF32B6E00165BAD /* View Models */,
				E8BD3DFF2DF32B9400165BAD /* Vault and Edits */,
				E8FE18EF2D156CF900CA5ECD /* ShareSheet.swift */,
				E8BD3DFD2DF32A1700165BAD /* Swift Data */,
				E8BD3DFC2DF329F700165BAD /* Errors- Error Views */,
				E8BD3E002DF32BFE00165BAD /* Actors */,
				E878B7262C95A9A4003D782A /* PrivacyInfo.xcprivacy */,
				E87605B62C7A18AD002A13E5 /* RCViewModel.swift */,
				E878744A2C70D0DC001299D9 /* MyndVault.storekit */,
				E84707802DD885F0008B9EA4 /* KErrorView.swift */,
				E82F45672BC2A77E00945312 /* Configurations */,
				E8459EC62BC1E3BE00CE34A7 /* MyndVault */,
				E8BD3DED2DF324E800165BAD /* MnimiWidget */,
				E86BE7602C5684550030C81B /* Frameworks */,
				E8459EC52BC1E3BE00CE34A7 /* Products */,
			);
			sourceTree = "<group>";
		};
		E8459EC52BC1E3BE00CE34A7 /* Products */ = {
			isa = PBXGroup;
			children = (
				E8459EC42BC1E3BE00CE34A7 /* MnimiApp.app */,
				E8BD3DE92DF324E700165BAD /* MnimiWidgetExtension.appex */,
			);
			name = Products;
			sourceTree = "<group>";
		};
		E8459EC62BC1E3BE00CE34A7 /* MyndVault */ = {
			isa = PBXGroup;
			children = (
				E84707842DD89E76008B9EA4 /* AppRootView.swift */,
				E8BDF9C32CFC905B0026BAE2 /* SF-Compact-Display-Regular.otf */,
				E8B72E902BC93B9600E0C90D /* Info.plist */,
				E84203E62DBBA15500DFCFE2 /* NewYorkItalic.ttf */,
				E8FA7F182BC5D3C60012EBF6 /* MyndVault.entitlements */,
				E82F45582BC2A72100945312 /* Managers */,
				E82F454B2BC2A6D100945312 /* OpenAIKey.plist */,
				E8459EC72BC1E3BE00CE34A7 /* MyndVaultApp.swift */,
				E8459ECD2BC1E3BE00CE34A7 /* Assets.xcassets */,
				E8BD3E032DF32C9F00165BAD /* KView */,
				E8459ECF2BC1E3BE00CE34A7 /* Preview Content */,
			);
			path = MyndVault;
			sourceTree = "<group>";
		};
		E8459ECF2BC1E3BE00CE34A7 /* Preview Content */ = {
			isa = PBXGroup;
			children = (
				E8459ED02BC1E3BE00CE34A7 /* Preview Assets.xcassets */,
			);
			path = "Preview Content";
			sourceTree = "<group>";
		};
		E86BE7602C5684550030C81B /* Frameworks */ = {
			isa = PBXGroup;
			children = (
				E86BE7632C5684550030C81B /* SwiftUI.framework */,
				E8BD3DEA2DF324E700165BAD /* WidgetKit.framework */,
			);
			name = Frameworks;
			sourceTree = "<group>";
		};
		E8BD3DFC2DF329F700165BAD /* Errors- Error Views */ = {
			isa = PBXGroup;
			children = (
				E82F45622BC2A77E00945312 /* Errors.swift */,
			);
			path = "Errors- Error Views";
			sourceTree = "<group>";
		};
		E8BD3DFD2DF32A1700165BAD /* Swift Data */ = {
			isa = PBXGroup;
			children = (
				E82F45662BC2A77E00945312 /* ResponseModel.swift */,
				E84707822DD89723008B9EA4 /* VectorEntity.swift */,
			);
			path = "Swift Data";
			sourceTree = "<group>";
		};
		E8BD3DFE2DF32B6E00165BAD /* View Models */ = {
			isa = PBXGroup;
			children = (
				E84203E22DBB851C00DFCFE2 /* KEditInfoViewModel.swift */,
				E878FA8E2CD3A90F00CEA8EA /* OpenAIViewModel.swift */,
				E878FA882CCD169900CEA8EA /* PineconeViewModel.swift */,
			);
			path = "View Models";
			sourceTree = "<group>";
		};
		E8BD3DFF2DF32B9400165BAD /* Vault and Edits */ = {
			isa = PBXGroup;
			children = (
				E84203E42DBB853800DFCFE2 /* KEditInfoView.swift */,
				E81AABDD2DB8FC4300BF7C1A /* KVault.swift */,
				E8FFCD392D732DA20067B57F /* EventEditView.swift */,
			);
			path = "Vault and Edits";
			sourceTree = "<group>";
		};
		E8BD3E002DF32BFE00165BAD /* Actors */ = {
			isa = PBXGroup;
			children = (
				E878FA8A2CCD16BF00CEA8EA /* PineconeActor.swift */,
				E878FA8C2CD3A87800CEA8EA /* OpenaiActor.swift */,
			);
			path = Actors;
			sourceTree = "<group>";
		};
		E8BD3E012DF32C2100165BAD /* SettingsViews */ = {
			isa = PBXGroup;
			children = (
				E878743D2C677E4C001299D9 /* AboutUsView.swift */,
				E87530912DB7BD6C0020BFDD /* KSettings.swift */,
				E8A450DE2DCA51B3008E86B7 /*  DeleteAccountView.swift */,
				E8AE7BEB2DC62E21002CBCF1 /* KEmbarkationView.swift */,
				E8E4A68D2D32CFD3002A122B /* AccountDeletedView.swift */,
			);
			path = SettingsViews;
			sourceTree = "<group>";
		};
		E8BD3E022DF32C4400165BAD /* Revenue related */ = {
			isa = PBXGroup;
			children = (
				E81E2E4B2DCE59E4000647CA /* CustomPayWall.swift */,
				E81E2E492DCE587C000647CA /* RevenueCatManager.swift */,
				E8A450E02DCA64FA008E86B7 /* ApiCallUsageManager.swift */,
				E87605B82C7A1BDC002A13E5 /* PurschasesDelegateHandler.swift */,
			);
			path = "Revenue related";
			sourceTree = "<group>";
		};
		E8BD3E032DF32C9F00165BAD /* KView */ = {
			isa = PBXGroup;
			children = (
				E86C270F2DAA724C008950A8 /* KView.swift */,
				E88B34D22DB3A99A002B43C2 /* BrightnessChecker.swift */,
			);
			path = KView;
			sourceTree = "<group>";
		};
/* End PBXGroup section */

/* Begin PBXNativeTarget section */
		E8459EC32BC1E3BE00CE34A7 /* MnimiApp */ = {
			isa = PBXNativeTarget;
			buildConfigurationList = E8459ED42BC1E3BE00CE34A7 /* Build configuration list for PBXNativeTarget "MnimiApp" */;
			buildPhases = (
				E8459EC02BC1E3BE00CE34A7 /* Sources */,
				E8459EC12BC1E3BE00CE34A7 /* Frameworks */,
				E8459EC22BC1E3BE00CE34A7 /* Resources */,
				E8FA7F152BC5BF240012EBF6 /* ShellScript */,
				E86BE7772C5684560030C81B /* Embed Foundation Extensions */,
			);
			buildRules = (
			);
			dependencies = (
				E8BD3DF62DF324E800165BAD /* PBXTargetDependency */,
			);
			name = MnimiApp;
			packageProductDependencies = (
				E87874462C70CFD5001299D9 /* RevenueCat */,
				E87874482C70CFD5001299D9 /* RevenueCatUI */,
			);
			productName = MyndVault;
			productReference = E8459EC42BC1E3BE00CE34A7 /* MnimiApp.app */;
			productType = "com.apple.product-type.application";
		};
		E8BD3DE82DF324E700165BAD /* MnimiWidgetExtension */ = {
			isa = PBXNativeTarget;
			buildConfigurationList = E8BD3DFB2DF324E800165BAD /* Build configuration list for PBXNativeTarget "MnimiWidgetExtension" */;
			buildPhases = (
				E8BD3DE52DF324E700165BAD /* Sources */,
				E8BD3DE62DF324E700165BAD /* Frameworks */,
				E8BD3DE72DF324E700165BAD /* Resources */,
			);
			buildRules = (
			);
			dependencies = (
			);
			fileSystemSynchronizedGroups = (
				E8BD3DED2DF324E800165BAD /* MnimiWidget */,
			);
			name = MnimiWidgetExtension;
			packageProductDependencies = (
			);
			productName = MnimiWidgetExtension;
			productReference = E8BD3DE92DF324E700165BAD /* MnimiWidgetExtension.appex */;
			productType = "com.apple.product-type.app-extension";
		};
/* End PBXNativeTarget section */

/* Begin PBXProject section */
		E8459EBC2BC1E3BE00CE34A7 /* Project object */ = {
			isa = PBXProject;
			attributes = {
				BuildIndependentTargetsInParallel = 1;
				LastSwiftUpdateCheck = 1630;
				LastUpgradeCheck = 1630;
				TargetAttributes = {
					E8459EC32BC1E3BE00CE34A7 = {
						CreatedOnToolsVersion = 15.3;
					};
					E8BD3DE82DF324E700165BAD = {
						CreatedOnToolsVersion = 16.3;
					};
				};
			};
			buildConfigurationList = E8459EBF2BC1E3BE00CE34A7 /* Build configuration list for PBXProject "MyndVault" */;
			compatibilityVersion = "Xcode 14.0";
			developmentRegion = en;
			hasScannedForEncodings = 0;
			knownRegions = (
				en,
				Base,
				el,
				de,
				fr,
				es,
				it,
				"zh-Hans",
				ko,
				"pt-PT",
				ja,
				he,
			);
			mainGroup = E8459EBB2BC1E3BE00CE34A7;
			packageReferences = (
				E87874452C70CFD5001299D9 /* XCRemoteSwiftPackageReference "purchases-ios" */,
			);
			productRefGroup = E8459EC52BC1E3BE00CE34A7 /* Products */;
			projectDirPath = "";
			projectRoot = "";
			targets = (
				E8459EC32BC1E3BE00CE34A7 /* MnimiApp */,
				E8BD3DE82DF324E700165BAD /* MnimiWidgetExtension */,
			);
		};
/* End PBXProject section */

/* Begin PBXResourcesBuildPhase section */
		E8459EC22BC1E3BE00CE34A7 /* Resources */ = {
			isa = PBXResourcesBuildPhase;
			buildActionMask = 2147483647;
			files = (
				E84203E72DBBA15500DFCFE2 /* NewYorkItalic.ttf in Resources */,
				E82F454D2BC2A6D100945312 /* OpenAIKey.plist in Resources */,
				E86AD9A62DC5639600AD434C /* Launch Screen.storyboard in Resources */,
				E847077F2DD88122008B9EA4 /* MyndVault.storekit in Resources */,
				E8459ED12BC1E3BE00CE34A7 /* Preview Assets.xcassets in Resources */,
				E8BDF9C42CFC905B0026BAE2 /* SF-Compact-Display-Regular.otf in Resources */,
				E8459ECE2BC1E3BE00CE34A7 /* Assets.xcassets in Resources */,
			);
			runOnlyForDeploymentPostprocessing = 0;
		};
		E8BD3DE72DF324E700165BAD /* Resources */ = {
			isa = PBXResourcesBuildPhase;
			buildActionMask = 2147483647;
			files = (
			);
			runOnlyForDeploymentPostprocessing = 0;
		};
/* End PBXResourcesBuildPhase section */

/* Begin PBXShellScriptBuildPhase section */
		E8FA7F152BC5BF240012EBF6 /* ShellScript */ = {
			isa = PBXShellScriptBuildPhase;
			buildActionMask = 2147483647;
			files = (
			);
			inputFileListPaths = (
			);
			inputPaths = (
			);
			outputFileListPaths = (
			);
			outputPaths = (
			);
			runOnlyForDeploymentPostprocessing = 0;
			shellPath = /bin/sh;
			shellScript = "
";
		};
/* End PBXShellScriptBuildPhase section */

/* Begin PBXSourcesBuildPhase section */
		E8459EC02BC1E3BE00CE34A7 /* Sources */ = {
			isa = PBXSourcesBuildPhase;
			buildActionMask = 2147483647;
			files = (
				E84203E32DBB851C00DFCFE2 /* KEditInfoViewModel.swift in Sources */,
				E87605B92C7A1BDC002A13E5 /* PurschasesDelegateHandler.swift in Sources */,
				E81AABDE2DB8FC4300BF7C1A /* KVault.swift in Sources */,
				E878FA8D2CD3A87800CEA8EA /* OpenaiActor.swift in Sources */,
				E82F456E2BC2A77E00945312 /* Codables.swift in Sources */,
				E87605B72C7A18AD002A13E5 /* RCViewModel.swift in Sources */,
				E84203E52DBB853800DFCFE2 /* KEditInfoView.swift in Sources */,
				E87530922DB7BD6C0020BFDD /* KSettings.swift in Sources */,
				E85EE47D2D6F7BE100737A97 /* AudioRecordingManager.swift in Sources */,
				E84707852DD89E76008B9EA4 /* AppRootView.swift in Sources */,
				E81E2E4C2DCE59E4000647CA /* CustomPayWall.swift in Sources */,
				E84707832DD89723008B9EA4 /* VectorEntity.swift in Sources */,
				E8FFCD3A2D732DA20067B57F /* EventEditView.swift in Sources */,
				E82F456F2BC2A77E00945312 /* Errors.swift in Sources */,
				E81E2E4A2DCE587C000647CA /* RevenueCatManager.swift in Sources */,
				E878FA892CCD169900CEA8EA /* PineconeViewModel.swift in Sources */,
				E82F456D2BC2A77E00945312 /* ApiConfiguration.swift in Sources */,
				E8A450E12DCA64FA008E86B7 /* ApiCallUsageManager.swift in Sources */,
				E84707812DD885F0008B9EA4 /* KErrorView.swift in Sources */,
				E82F455F2BC2A72100945312 /* SpeechRecognizerManager.swift in Sources */,
				E878743E2C677E4C001299D9 /* AboutUsView.swift in Sources */,
				E82F45702BC2A77E00945312 /* Extensions.swift in Sources */,
				E8E4A68E2D32CFD3002A122B /* AccountDeletedView.swift in Sources */,
				E8459EC82BC1E3BE00CE34A7 /* MyndVaultApp.swift in Sources */,
				E878FA8B2CCD16BF00CEA8EA /* PineconeActor.swift in Sources */,
				E8A450DF2DCA51B3008E86B7 /*  DeleteAccountView.swift in Sources */,
				E82F45882BC2A80C00945312 /* NetworkViewModel.swift in Sources */,
				E878FA8F2CD3A90F00CEA8EA /* OpenAIViewModel.swift in Sources */,
				E8FE18F02D156CF900CA5ECD /* ShareSheet.swift in Sources */,
				E88B34D32DB3A99A002B43C2 /* BrightnessChecker.swift in Sources */,
				E82F45732BC2A77E00945312 /* ResponseModel.swift in Sources */,
				E86C27102DAA724C008950A8 /* KView.swift in Sources */,
				E8AE7BEC2DC62E21002CBCF1 /* KEmbarkationView.swift in Sources */,
			);
			runOnlyForDeploymentPostprocessing = 0;
		};
		E8BD3DE52DF324E700165BAD /* Sources */ = {
			isa = PBXSourcesBuildPhase;
			buildActionMask = 2147483647;
			files = (
			);
			runOnlyForDeploymentPostprocessing = 0;
		};
/* End PBXSourcesBuildPhase section */

/* Begin PBXTargetDependency section */
		E8BD3DF62DF324E800165BAD /* PBXTargetDependency */ = {
			isa = PBXTargetDependency;
			target = E8BD3DE82DF324E700165BAD /* MnimiWidgetExtension */;
			targetProxy = E8BD3DF52DF324E800165BAD /* PBXContainerItemProxy */;
		};
/* End PBXTargetDependency section */

/* Begin XCBuildConfiguration section */
		E8459ED22BC1E3BE00CE34A7 /* Debug */ = {
			isa = XCBuildConfiguration;
			buildSettings = {
				ALWAYS_SEARCH_USER_PATHS = NO;
				ASSETCATALOG_COMPILER_GENERATE_SWIFT_ASSET_SYMBOL_EXTENSIONS = YES;
				CLANG_ANALYZER_LOCALIZABILITY_NONLOCALIZED = YES;
				CLANG_ANALYZER_NONNULL = YES;
				CLANG_ANALYZER_NUMBER_OBJECT_CONVERSION = YES_AGGRESSIVE;
				CLANG_CXX_LANGUAGE_STANDARD = "gnu++20";
				CLANG_ENABLE_MODULES = YES;
				CLANG_ENABLE_OBJC_ARC = YES;
				CLANG_ENABLE_OBJC_WEAK = YES;
				CLANG_WARN_BLOCK_CAPTURE_AUTORELEASING = YES;
				CLANG_WARN_BOOL_CONVERSION = YES;
				CLANG_WARN_COMMA = YES;
				CLANG_WARN_CONSTANT_CONVERSION = YES;
				CLANG_WARN_DEPRECATED_OBJC_IMPLEMENTATIONS = YES;
				CLANG_WARN_DIRECT_OBJC_ISA_USAGE = YES_ERROR;
				CLANG_WARN_DOCUMENTATION_COMMENTS = YES;
				CLANG_WARN_EMPTY_BODY = YES;
				CLANG_WARN_ENUM_CONVERSION = YES;
				CLANG_WARN_INFINITE_RECURSION = YES;
				CLANG_WARN_INT_CONVERSION = YES;
				CLANG_WARN_NON_LITERAL_NULL_CONVERSION = YES;
				CLANG_WARN_OBJC_IMPLICIT_RETAIN_SELF = YES;
				CLANG_WARN_OBJC_LITERAL_CONVERSION = YES;
				CLANG_WARN_OBJC_ROOT_CLASS = YES_ERROR;
				CLANG_WARN_QUOTED_INCLUDE_IN_FRAMEWORK_HEADER = YES;
				CLANG_WARN_RANGE_LOOP_ANALYSIS = YES;
				CLANG_WARN_STRICT_PROTOTYPES = YES;
				CLANG_WARN_SUSPICIOUS_MOVE = YES;
				CLANG_WARN_UNGUARDED_AVAILABILITY = YES_AGGRESSIVE;
				CLANG_WARN_UNREACHABLE_CODE = YES;
				CLANG_WARN__DUPLICATE_METHOD_MATCH = YES;
				COPY_PHASE_STRIP = NO;
				DEBUG_INFORMATION_FORMAT = "dwarf-with-dsym";
				DEVELOPMENT_TEAM = H4TST29A3U;
				ENABLE_STRICT_OBJC_MSGSEND = YES;
				ENABLE_TESTABILITY = YES;
				ENABLE_USER_SCRIPT_SANDBOXING = YES;
				GCC_C_LANGUAGE_STANDARD = gnu17;
				GCC_DYNAMIC_NO_PIC = NO;
				GCC_NO_COMMON_BLOCKS = YES;
				GCC_OPTIMIZATION_LEVEL = 0;
				GCC_PREPROCESSOR_DEFINITIONS = (
					"DEBUG=1",
					"$(inherited)",
				);
				GCC_WARN_64_TO_32_BIT_CONVERSION = YES;
				GCC_WARN_ABOUT_RETURN_TYPE = YES_ERROR;
				GCC_WARN_UNDECLARED_SELECTOR = YES;
				GCC_WARN_UNINITIALIZED_AUTOS = YES_AGGRESSIVE;
				GCC_WARN_UNUSED_FUNCTION = YES;
				GCC_WARN_UNUSED_VARIABLE = YES;
				IPHONEOS_DEPLOYMENT_TARGET = 17.0;
				LOCALIZATION_PREFERS_STRING_CATALOGS = YES;
				MTL_ENABLE_DEBUG_INFO = INCLUDE_SOURCE;
				MTL_FAST_MATH = YES;
				ONLY_ACTIVE_ARCH = YES;
				SDKROOT = iphoneos;
				SWIFT_ACTIVE_COMPILATION_CONDITIONS = "DEBUG $(inherited)";
				SWIFT_OPTIMIZATION_LEVEL = "-Onone";
				SWIFT_VERSION = 5.0;
			};
			name = Debug;
		};
		E8459ED32BC1E3BE00CE34A7 /* Release */ = {
			isa = XCBuildConfiguration;
			buildSettings = {
				ALWAYS_SEARCH_USER_PATHS = NO;
				ASSETCATALOG_COMPILER_GENERATE_SWIFT_ASSET_SYMBOL_EXTENSIONS = YES;
				CLANG_ANALYZER_LOCALIZABILITY_NONLOCALIZED = YES;
				CLANG_ANALYZER_NONNULL = YES;
				CLANG_ANALYZER_NUMBER_OBJECT_CONVERSION = YES_AGGRESSIVE;
				CLANG_CXX_LANGUAGE_STANDARD = "gnu++20";
				CLANG_ENABLE_MODULES = YES;
				CLANG_ENABLE_OBJC_ARC = YES;
				CLANG_ENABLE_OBJC_WEAK = YES;
				CLANG_WARN_BLOCK_CAPTURE_AUTORELEASING = YES;
				CLANG_WARN_BOOL_CONVERSION = YES;
				CLANG_WARN_COMMA = YES;
				CLANG_WARN_CONSTANT_CONVERSION = YES;
				CLANG_WARN_DEPRECATED_OBJC_IMPLEMENTATIONS = YES;
				CLANG_WARN_DIRECT_OBJC_ISA_USAGE = YES_ERROR;
				CLANG_WARN_DOCUMENTATION_COMMENTS = YES;
				CLANG_WARN_EMPTY_BODY = YES;
				CLANG_WARN_ENUM_CONVERSION = YES;
				CLANG_WARN_INFINITE_RECURSION = YES;
				CLANG_WARN_INT_CONVERSION = YES;
				CLANG_WARN_NON_LITERAL_NULL_CONVERSION = YES;
				CLANG_WARN_OBJC_IMPLICIT_RETAIN_SELF = YES;
				CLANG_WARN_OBJC_LITERAL_CONVERSION = YES;
				CLANG_WARN_OBJC_ROOT_CLASS = YES_ERROR;
				CLANG_WARN_QUOTED_INCLUDE_IN_FRAMEWORK_HEADER = YES;
				CLANG_WARN_RANGE_LOOP_ANALYSIS = YES;
				CLANG_WARN_STRICT_PROTOTYPES = YES;
				CLANG_WARN_SUSPICIOUS_MOVE = YES;
				CLANG_WARN_UNGUARDED_AVAILABILITY = YES_AGGRESSIVE;
				CLANG_WARN_UNREACHABLE_CODE = YES;
				CLANG_WARN__DUPLICATE_METHOD_MATCH = YES;
				COPY_PHASE_STRIP = NO;
				DEBUG_INFORMATION_FORMAT = "dwarf-with-dsym";
				DEVELOPMENT_TEAM = H4TST29A3U;
				ENABLE_NS_ASSERTIONS = NO;
				ENABLE_STRICT_OBJC_MSGSEND = YES;
				ENABLE_USER_SCRIPT_SANDBOXING = YES;
				GCC_C_LANGUAGE_STANDARD = gnu17;
				GCC_NO_COMMON_BLOCKS = YES;
				GCC_WARN_64_TO_32_BIT_CONVERSION = YES;
				GCC_WARN_ABOUT_RETURN_TYPE = YES_ERROR;
				GCC_WARN_UNDECLARED_SELECTOR = YES;
				GCC_WARN_UNINITIALIZED_AUTOS = YES_AGGRESSIVE;
				GCC_WARN_UNUSED_FUNCTION = YES;
				GCC_WARN_UNUSED_VARIABLE = YES;
				IPHONEOS_DEPLOYMENT_TARGET = 17.0;
				LOCALIZATION_PREFERS_STRING_CATALOGS = YES;
				MTL_ENABLE_DEBUG_INFO = NO;
				MTL_FAST_MATH = YES;
				SDKROOT = iphoneos;
				SWIFT_COMPILATION_MODE = wholemodule;
				SWIFT_VERSION = 5.0;
				VALIDATE_PRODUCT = YES;
			};
			name = Release;
		};
		E8459ED52BC1E3BE00CE34A7 /* Debug */ = {
			isa = XCBuildConfiguration;
			buildSettings = {
				ASSETCATALOG_COMPILER_APPICON_NAME = AppIcon;
				ASSETCATALOG_COMPILER_GLOBAL_ACCENT_COLOR_NAME = AccentColor;
				CODE_SIGN_ENTITLEMENTS = MyndVault/MyndVault.entitlements;
				CODE_SIGN_STYLE = Automatic;
				CURRENT_PROJECT_VERSION = 1;
				DEBUG_INFORMATION_FORMAT = "dwarf-with-dsym";
				DEVELOPMENT_ASSET_PATHS = "\"MyndVault/Preview Content\"";
				ENABLE_PREVIEWS = YES;
				GENERATE_INFOPLIST_FILE = YES;
				INFOPLIST_FILE = MyndVault/Info.plist;
				INFOPLIST_KEY_CFBundleDisplayName = MnimiApp;
				INFOPLIST_KEY_ITSAppUsesNonExemptEncryption = NO;
				INFOPLIST_KEY_LSApplicationCategoryType = "public.app-category.productivity";
				INFOPLIST_KEY_NSCalendarsUsageDescription = "Mnimi is requesting your permission to create events in your Calendar.";
				INFOPLIST_KEY_NSFaceIDUsageDescription = "Mnimi secures the access to your infos with Face ID. ";
				INFOPLIST_KEY_NSMicrophoneUsageDescription = "Mnimi requires access to microphone to convert spoken words into text for reminders and other features.";
				INFOPLIST_KEY_NSSpeechRecognitionUsageDescription = "Mnimi requires access to Apple's speech recognition for processing your voice commands.";
				INFOPLIST_KEY_UIApplicationSceneManifest_Generation = YES;
				INFOPLIST_KEY_UIApplicationSupportsIndirectInputEvents = YES;
				INFOPLIST_KEY_UILaunchScreen_Generation = YES;
				INFOPLIST_KEY_UILaunchStoryboardName = "Launch Screen";
				INFOPLIST_KEY_UIStatusBarHidden = YES;
				INFOPLIST_KEY_UISupportedInterfaceOrientations = UIInterfaceOrientationPortrait;
				IPHONEOS_DEPLOYMENT_TARGET = 17.5;
				LD_RUNPATH_SEARCH_PATHS = (
					"$(inherited)",
					"@executable_path/Frameworks",
				);
				MARKETING_VERSION = 4.3.2;
				PRODUCT_BUNDLE_IDENTIFIER = dev.chillvibes.MyndVault;
				PRODUCT_NAME = "$(TARGET_NAME)";
				SUPPORTED_PLATFORMS = "iphoneos iphonesimulator";
				SUPPORTS_MACCATALYST = NO;
				SWIFT_EMIT_LOC_STRINGS = YES;
				SWIFT_VERSION = 6.0;
				TARGETED_DEVICE_FAMILY = 1;
			};
			name = Debug;
		};
		E8459ED62BC1E3BE00CE34A7 /* Release */ = {
			isa = XCBuildConfiguration;
			buildSettings = {
				ASSETCATALOG_COMPILER_APPICON_NAME = AppIcon;
				ASSETCATALOG_COMPILER_GLOBAL_ACCENT_COLOR_NAME = AccentColor;
				CODE_SIGN_ENTITLEMENTS = MyndVault/MyndVault.entitlements;
				CODE_SIGN_STYLE = Automatic;
				CURRENT_PROJECT_VERSION = 1;
				DEVELOPMENT_ASSET_PATHS = "\"MyndVault/Preview Content\"";
				ENABLE_PREVIEWS = YES;
				GENERATE_INFOPLIST_FILE = YES;
				INFOPLIST_FILE = MyndVault/Info.plist;
				INFOPLIST_KEY_CFBundleDisplayName = MnimiApp;
				INFOPLIST_KEY_ITSAppUsesNonExemptEncryption = NO;
				INFOPLIST_KEY_LSApplicationCategoryType = "public.app-category.productivity";
				INFOPLIST_KEY_NSCalendarsUsageDescription = "Mnimi is requesting your permission to create events in your Calendar.";
				INFOPLIST_KEY_NSFaceIDUsageDescription = "Mnimi secures the access to your infos with Face ID. ";
				INFOPLIST_KEY_NSMicrophoneUsageDescription = "Mnimi requires access to microphone to convert spoken words into text for reminders and other features.";
				INFOPLIST_KEY_NSSpeechRecognitionUsageDescription = "Mnimi requires access to Apple's speech recognition for processing your voice commands.";
				INFOPLIST_KEY_UIApplicationSceneManifest_Generation = YES;
				INFOPLIST_KEY_UIApplicationSupportsIndirectInputEvents = YES;
				INFOPLIST_KEY_UILaunchScreen_Generation = YES;
				INFOPLIST_KEY_UILaunchStoryboardName = "Launch Screen";
				INFOPLIST_KEY_UIStatusBarHidden = YES;
				INFOPLIST_KEY_UISupportedInterfaceOrientations = UIInterfaceOrientationPortrait;
				IPHONEOS_DEPLOYMENT_TARGET = 17.5;
				LD_RUNPATH_SEARCH_PATHS = (
					"$(inherited)",
					"@executable_path/Frameworks",
				);
				MARKETING_VERSION = 4.3.2;
				PRODUCT_BUNDLE_IDENTIFIER = dev.chillvibes.MyndVault;
				PRODUCT_NAME = "$(TARGET_NAME)";
				SUPPORTED_PLATFORMS = "iphoneos iphonesimulator";
				SUPPORTS_MACCATALYST = NO;
				SWIFT_EMIT_LOC_STRINGS = YES;
				SWIFT_VERSION = 6.0;
				TARGETED_DEVICE_FAMILY = 1;
			};
			name = Release;
		};
		E8BD3DF82DF324E800165BAD /* Debug */ = {
			isa = XCBuildConfiguration;
			buildSettings = {
				ASSETCATALOG_COMPILER_GLOBAL_ACCENT_COLOR_NAME = AccentColor;
				ASSETCATALOG_COMPILER_WIDGET_BACKGROUND_COLOR_NAME = WidgetBackground;
				CODE_SIGN_ENTITLEMENTS = MnimiWidgetExtension.entitlements;
				CODE_SIGN_STYLE = Automatic;
				CURRENT_PROJECT_VERSION = 1;
				DEBUG_INFORMATION_FORMAT = dwarf;
				GENERATE_INFOPLIST_FILE = YES;
				INFOPLIST_FILE = MnimiWidget/Info.plist;
				INFOPLIST_KEY_CFBundleDisplayName = MnimiWidget;
				INFOPLIST_KEY_NSHumanReadableCopyright = "";
				IPHONEOS_DEPLOYMENT_TARGET = 18.4;
				LD_RUNPATH_SEARCH_PATHS = (
					"$(inherited)",
					"@executable_path/Frameworks",
					"@executable_path/../../Frameworks",
				);
				MARKETING_VERSION = 1.0;
				PRODUCT_BUNDLE_IDENTIFIER = dev.chillvibes.MyndVault.MnimiWidget;
				PRODUCT_NAME = "$(TARGET_NAME)";
				SKIP_INSTALL = YES;
				SWIFT_EMIT_LOC_STRINGS = YES;
				SWIFT_VERSION = 5.0;
				TARGETED_DEVICE_FAMILY = "1,2";
			};
			name = Debug;
		};
		E8BD3DF92DF324E800165BAD /* Release */ = {
			isa = XCBuildConfiguration;
			buildSettings = {
				ASSETCATALOG_COMPILER_GLOBAL_ACCENT_COLOR_NAME = AccentColor;
				ASSETCATALOG_COMPILER_WIDGET_BACKGROUND_COLOR_NAME = WidgetBackground;
				CODE_SIGN_ENTITLEMENTS = MnimiWidgetExtension.entitlements;
				CODE_SIGN_STYLE = Automatic;
				CURRENT_PROJECT_VERSION = 1;
				GENERATE_INFOPLIST_FILE = YES;
				INFOPLIST_FILE = MnimiWidget/Info.plist;
				INFOPLIST_KEY_CFBundleDisplayName = MnimiWidget;
				INFOPLIST_KEY_NSHumanReadableCopyright = "";
				IPHONEOS_DEPLOYMENT_TARGET = 18.4;
				LD_RUNPATH_SEARCH_PATHS = (
					"$(inherited)",
					"@executable_path/Frameworks",
					"@executable_path/../../Frameworks",
				);
				MARKETING_VERSION = 1.0;
				PRODUCT_BUNDLE_IDENTIFIER = dev.chillvibes.MyndVault.MnimiWidget;
				PRODUCT_NAME = "$(TARGET_NAME)";
				SKIP_INSTALL = YES;
				SWIFT_EMIT_LOC_STRINGS = YES;
				SWIFT_VERSION = 5.0;
				TARGETED_DEVICE_FAMILY = "1,2";
			};
			name = Release;
		};
/* End XCBuildConfiguration section */

/* Begin XCConfigurationList section */
		E8459EBF2BC1E3BE00CE34A7 /* Build configuration list for PBXProject "MyndVault" */ = {
			isa = XCConfigurationList;
			buildConfigurations = (
				E8459ED22BC1E3BE00CE34A7 /* Debug */,
				E8459ED32BC1E3BE00CE34A7 /* Release */,
			);
			defaultConfigurationIsVisible = 0;
			defaultConfigurationName = Release;
		};
		E8459ED42BC1E3BE00CE34A7 /* Build configuration list for PBXNativeTarget "MnimiApp" */ = {
			isa = XCConfigurationList;
			buildConfigurations = (
				E8459ED52BC1E3BE00CE34A7 /* Debug */,
				E8459ED62BC1E3BE00CE34A7 /* Release */,
			);
			defaultConfigurationIsVisible = 0;
			defaultConfigurationName = Release;
		};
		E8BD3DFB2DF324E800165BAD /* Build configuration list for PBXNativeTarget "MnimiWidgetExtension" */ = {
			isa = XCConfigurationList;
			buildConfigurations = (
				E8BD3DF82DF324E800165BAD /* Debug */,
				E8BD3DF92DF324E800165BAD /* Release */,
			);
			defaultConfigurationIsVisible = 0;
			defaultConfigurationName = Release;
		};
/* End XCConfigurationList section */

/* Begin XCRemoteSwiftPackageReference section */
		E87874452C70CFD5001299D9 /* XCRemoteSwiftPackageReference "purchases-ios" */ = {
			isa = XCRemoteSwiftPackageReference;
			repositoryURL = "https://github.com/RevenueCat/purchases-ios.git";
			requirement = {
				kind = upToNextMajorVersion;
				minimumVersion = 5.2.3;
			};
		};
/* End XCRemoteSwiftPackageReference section */

/* Begin XCSwiftPackageProductDependency section */
		E87874462C70CFD5001299D9 /* RevenueCat */ = {
			isa = XCSwiftPackageProductDependency;
			package = E87874452C70CFD5001299D9 /* XCRemoteSwiftPackageReference "purchases-ios" */;
			productName = RevenueCat;
		};
		E87874482C70CFD5001299D9 /* RevenueCatUI */ = {
			isa = XCSwiftPackageProductDependency;
			package = E87874452C70CFD5001299D9 /* XCRemoteSwiftPackageReference "purchases-ios" */;
			productName = RevenueCatUI;
		};
/* End XCSwiftPackageProductDependency section */
	};
	rootObject = E8459EBC2BC1E3BE00CE34A7 /* Project object */;
}
